// !$*UTF8*$!
{
	archiveVersion = 1;
	classes = {
	};
	objectVersion = 45;
	objects = {

/* Begin PBXBuildFile section */
		1D3623260D0F684500981E51 /* DTInstapaperKitAppDelegate.m in Sources */ = {isa = PBXBuildFile; fileRef = 1D3623250D0F684500981E51 /* DTInstapaperKitAppDelegate.m */; };
		1D60589B0D05DD56006BFB54 /* main.m in Sources */ = {isa = PBXBuildFile; fileRef = 29B97316FDCFA39411CA2CEA /* main.m */; };
		1D60589F0D05DD5A006BFB54 /* Foundation.framework in Frameworks */ = {isa = PBXBuildFile; fileRef = 1D30AB110D05D00D00671497 /* Foundation.framework */; };
		1DF5F4E00D08C38300B7A737 /* UIKit.framework in Frameworks */ = {isa = PBXBuildFile; fileRef = 1DF5F4DF0D08C38300B7A737 /* UIKit.framework */; };
		244C085211A19F7E00D960A4 /* NSData+Base64.m in Sources */ = {isa = PBXBuildFile; fileRef = 244C085111A19F7E00D960A4 /* NSData+Base64.m */; };
		24988D0E115176C8008F51D5 /* DTCacheURLProtocol.m in Sources */ = {isa = PBXBuildFile; fileRef = 24988D00115176C7008F51D5 /* DTCacheURLProtocol.m */; };
		24988D0F115176C8008F51D5 /* DTConnection.m in Sources */ = {isa = PBXBuildFile; fileRef = 24988D02115176C8008F51D5 /* DTConnection.m */; };
		24988D11115176C8008F51D5 /* DTConnectionQueue.m in Sources */ = {isa = PBXBuildFile; fileRef = 24988D05115176C8008F51D5 /* DTConnectionQueue.m */; };
		24988D12115176C8008F51D5 /* DTCoreDataConnection.m in Sources */ = {isa = PBXBuildFile; fileRef = 24988D07115176C8008F51D5 /* DTCoreDataConnection.m */; };
		24988D13115176C8008F51D5 /* DTFileCache.m in Sources */ = {isa = PBXBuildFile; fileRef = 24988D09115176C8008F51D5 /* DTFileCache.m */; };
		24988D14115176C8008F51D5 /* DTURLConnection.m in Sources */ = {isa = PBXBuildFile; fileRef = 24988D0B115176C8008F51D5 /* DTURLConnection.m */; };
		24988D15115176C8008F51D5 /* DTURLLoadingConnection.m in Sources */ = {isa = PBXBuildFile; fileRef = 24988D0D115176C8008F51D5 /* DTURLLoadingConnection.m */; };
		24988D18115176D3008F51D5 /* CoreData.framework in Frameworks */ = {isa = PBXBuildFile; fileRef = 24988D17115176D3008F51D5 /* CoreData.framework */; };
		24988D2211517711008F51D5 /* DTInstapaperLoginConnection.m in Sources */ = {isa = PBXBuildFile; fileRef = 24988D2111517711008F51D5 /* DTInstapaperLoginConnection.m */; };
		24988D271151774A008F51D5 /* DTInstapaperAddConnection.m in Sources */ = {isa = PBXBuildFile; fileRef = 24988D261151774A008F51D5 /* DTInstapaperAddConnection.m */; };
		24988E5511518AFE008F51D5 /* DTInstapaperConnection.m in Sources */ = {isa = PBXBuildFile; fileRef = 24988E5411518AFE008F51D5 /* DTInstapaperConnection.m */; };
		288765FD0DF74451002DB57D /* CoreGraphics.framework in Frameworks */ = {isa = PBXBuildFile; fileRef = 288765FC0DF74451002DB57D /* CoreGraphics.framework */; };
		28AD733F0D9D9553002E5188 /* MainWindow.xib in Resources */ = {isa = PBXBuildFile; fileRef = 28AD733E0D9D9553002E5188 /* MainWindow.xib */; };
/* End PBXBuildFile section */

/* Begin PBXFileReference section */
		1D30AB110D05D00D00671497 /* Foundation.framework */ = {isa = PBXFileReference; lastKnownFileType = wrapper.framework; name = Foundation.framework; path = System/Library/Frameworks/Foundation.framework; sourceTree = SDKROOT; };
		1D3623240D0F684500981E51 /* DTInstapaperKitAppDelegate.h */ = {isa = PBXFileReference; fileEncoding = 4; lastKnownFileType = sourcecode.c.h; path = DTInstapaperKitAppDelegate.h; sourceTree = "<group>"; };
		1D3623250D0F684500981E51 /* DTInstapaperKitAppDelegate.m */ = {isa = PBXFileReference; fileEncoding = 4; lastKnownFileType = sourcecode.c.objc; path = DTInstapaperKitAppDelegate.m; sourceTree = "<group>"; };
		1D6058910D05DD3D006BFB54 /* DCTInstapaperKit.app */ = {isa = PBXFileReference; explicitFileType = wrapper.application; includeInIndex = 0; path = DCTInstapaperKit.app; sourceTree = BUILT_PRODUCTS_DIR; };
		1DF5F4DF0D08C38300B7A737 /* UIKit.framework */ = {isa = PBXFileReference; lastKnownFileType = wrapper.framework; name = UIKit.framework; path = System/Library/Frameworks/UIKit.framework; sourceTree = SDKROOT; };
		244C085011A19F7E00D960A4 /* NSData+Base64.h */ = {isa = PBXFileReference; fileEncoding = 4; lastKnownFileType = sourcecode.c.h; path = "NSData+Base64.h"; sourceTree = "<group>"; };
		244C085111A19F7E00D960A4 /* NSData+Base64.m */ = {isa = PBXFileReference; fileEncoding = 4; lastKnownFileType = sourcecode.c.objc; path = "NSData+Base64.m"; sourceTree = "<group>"; };
		24988CFF115176C7008F51D5 /* DTCacheURLProtocol.h */ = {isa = PBXFileReference; fileEncoding = 4; lastKnownFileType = sourcecode.c.h; path = DTCacheURLProtocol.h; sourceTree = "<group>"; };
		24988D00115176C7008F51D5 /* DTCacheURLProtocol.m */ = {isa = PBXFileReference; fileEncoding = 4; lastKnownFileType = sourcecode.c.objc; path = DTCacheURLProtocol.m; sourceTree = "<group>"; };
		24988D01115176C7008F51D5 /* DTConnection.h */ = {isa = PBXFileReference; fileEncoding = 4; lastKnownFileType = sourcecode.c.h; path = DTConnection.h; sourceTree = "<group>"; };
		24988D02115176C8008F51D5 /* DTConnection.m */ = {isa = PBXFileReference; fileEncoding = 4; lastKnownFileType = sourcecode.c.objc; path = DTConnection.m; sourceTree = "<group>"; };
		24988D04115176C8008F51D5 /* DTConnectionQueue.h */ = {isa = PBXFileReference; fileEncoding = 4; lastKnownFileType = sourcecode.c.h; path = DTConnectionQueue.h; sourceTree = "<group>"; };
		24988D05115176C8008F51D5 /* DTConnectionQueue.m */ = {isa = PBXFileReference; fileEncoding = 4; lastKnownFileType = sourcecode.c.objc; path = DTConnectionQueue.m; sourceTree = "<group>"; };
		24988D06115176C8008F51D5 /* DTCoreDataConnection.h */ = {isa = PBXFileReference; fileEncoding = 4; lastKnownFileType = sourcecode.c.h; path = DTCoreDataConnection.h; sourceTree = "<group>"; };
		24988D07115176C8008F51D5 /* DTCoreDataConnection.m */ = {isa = PBXFileReference; fileEncoding = 4; lastKnownFileType = sourcecode.c.objc; path = DTCoreDataConnection.m; sourceTree = "<group>"; };
		24988D08115176C8008F51D5 /* DTFileCache.h */ = {isa = PBXFileReference; fileEncoding = 4; lastKnownFileType = sourcecode.c.h; path = DTFileCache.h; sourceTree = "<group>"; };
		24988D09115176C8008F51D5 /* DTFileCache.m */ = {isa = PBXFileReference; fileEncoding = 4; lastKnownFileType = sourcecode.c.objc; path = DTFileCache.m; sourceTree = "<group>"; };
		24988D0A115176C8008F51D5 /* DTURLConnection.h */ = {isa = PBXFileReference; fileEncoding = 4; lastKnownFileType = sourcecode.c.h; path = DTURLConnection.h; sourceTree = "<group>"; };
		24988D0B115176C8008F51D5 /* DTURLConnection.m */ = {isa = PBXFileReference; fileEncoding = 4; lastKnownFileType = sourcecode.c.objc; path = DTURLConnection.m; sourceTree = "<group>"; };
		24988D0C115176C8008F51D5 /* DTURLLoadingConnection.h */ = {isa = PBXFileReference; fileEncoding = 4; lastKnownFileType = sourcecode.c.h; path = DTURLLoadingConnection.h; sourceTree = "<group>"; };
		24988D0D115176C8008F51D5 /* DTURLLoadingConnection.m */ = {isa = PBXFileReference; fileEncoding = 4; lastKnownFileType = sourcecode.c.objc; path = DTURLLoadingConnection.m; sourceTree = "<group>"; };
		24988D17115176D3008F51D5 /* CoreData.framework */ = {isa = PBXFileReference; lastKnownFileType = wrapper.framework; name = CoreData.framework; path = System/Library/Frameworks/CoreData.framework; sourceTree = SDKROOT; };
		24988D2011517711008F51D5 /* DTInstapaperLoginConnection.h */ = {isa = PBXFileReference; fileEncoding = 4; lastKnownFileType = sourcecode.c.h; path = DTInstapaperLoginConnection.h; sourceTree = "<group>"; };
		24988D2111517711008F51D5 /* DTInstapaperLoginConnection.m */ = {isa = PBXFileReference; fileEncoding = 4; lastKnownFileType = sourcecode.c.objc; path = DTInstapaperLoginConnection.m; sourceTree = "<group>"; };
		24988D251151774A008F51D5 /* DTInstapaperAddConnection.h */ = {isa = PBXFileReference; fileEncoding = 4; lastKnownFileType = sourcecode.c.h; path = DTInstapaperAddConnection.h; sourceTree = "<group>"; };
		24988D261151774A008F51D5 /* DTInstapaperAddConnection.m */ = {isa = PBXFileReference; fileEncoding = 4; lastKnownFileType = sourcecode.c.objc; path = DTInstapaperAddConnection.m; sourceTree = "<group>"; };
		24988E5311518AFE008F51D5 /* DTInstapaperConnection.h */ = {isa = PBXFileReference; fileEncoding = 4; lastKnownFileType = sourcecode.c.h; path = DTInstapaperConnection.h; sourceTree = "<group>"; };
		24988E5411518AFE008F51D5 /* DTInstapaperConnection.m */ = {isa = PBXFileReference; fileEncoding = 4; lastKnownFileType = sourcecode.c.objc; path = DTInstapaperConnection.m; sourceTree = "<group>"; };
		288765FC0DF74451002DB57D /* CoreGraphics.framework */ = {isa = PBXFileReference; lastKnownFileType = wrapper.framework; name = CoreGraphics.framework; path = System/Library/Frameworks/CoreGraphics.framework; sourceTree = SDKROOT; };
		28AD733E0D9D9553002E5188 /* MainWindow.xib */ = {isa = PBXFileReference; lastKnownFileType = file.xib; path = MainWindow.xib; sourceTree = "<group>"; };
		29B97316FDCFA39411CA2CEA /* main.m */ = {isa = PBXFileReference; fileEncoding = 4; lastKnownFileType = sourcecode.c.objc; path = main.m; sourceTree = "<group>"; };
		32CA4F630368D1EE00C91783 /* DCTInstapaperKit_Prefix.pch */ = {isa = PBXFileReference; fileEncoding = 4; lastKnownFileType = sourcecode.c.h; path = DCTInstapaperKit_Prefix.pch; sourceTree = "<group>"; };
		8D1107310486CEB800E47090 /* DCTInstapaperKit-Info.plist */ = {isa = PBXFileReference; fileEncoding = 4; lastKnownFileType = text.plist.xml; path = "DCTInstapaperKit-Info.plist"; plistStructureDefinitionIdentifier = "com.apple.xcode.plist.structure-definition.iphone.info-plist"; sourceTree = "<group>"; };
/* End PBXFileReference section */

/* Begin PBXFrameworksBuildPhase section */
		1D60588F0D05DD3D006BFB54 /* Frameworks */ = {
			isa = PBXFrameworksBuildPhase;
			buildActionMask = 2147483647;
			files = (
				1D60589F0D05DD5A006BFB54 /* Foundation.framework in Frameworks */,
				1DF5F4E00D08C38300B7A737 /* UIKit.framework in Frameworks */,
				288765FD0DF74451002DB57D /* CoreGraphics.framework in Frameworks */,
				24988D18115176D3008F51D5 /* CoreData.framework in Frameworks */,
			);
			runOnlyForDeploymentPostprocessing = 0;
		};
/* End PBXFrameworksBuildPhase section */

/* Begin PBXGroup section */
		080E96DDFE201D6D7F000001 /* Classes */ = {
			isa = PBXGroup;
			children = (
				1D3623240D0F684500981E51 /* DTInstapaperKitAppDelegate.h */,
				1D3623250D0F684500981E51 /* DTInstapaperKitAppDelegate.m */,
			);
			path = Classes;
			sourceTree = "<group>";
		};
		19C28FACFE9D520D11CA2CBB /* Products */ = {
			isa = PBXGroup;
			children = (
				1D6058910D05DD3D006BFB54 /* DCTInstapaperKit.app */,
			);
			name = Products;
			sourceTree = "<group>";
		};
		24988CFE115176C7008F51D5 /* DTConnectionKit */ = {
			isa = PBXGroup;
			children = (
				24988CFF115176C7008F51D5 /* DTCacheURLProtocol.h */,
				24988D00115176C7008F51D5 /* DTCacheURLProtocol.m */,
				24988D01115176C7008F51D5 /* DTConnection.h */,
				24988D02115176C8008F51D5 /* DTConnection.m */,
				24988D04115176C8008F51D5 /* DTConnectionQueue.h */,
				24988D05115176C8008F51D5 /* DTConnectionQueue.m */,
				24988D06115176C8008F51D5 /* DTCoreDataConnection.h */,
				24988D07115176C8008F51D5 /* DTCoreDataConnection.m */,
				24988D08115176C8008F51D5 /* DTFileCache.h */,
				24988D09115176C8008F51D5 /* DTFileCache.m */,
				24988D0A115176C8008F51D5 /* DTURLConnection.h */,
				24988D0B115176C8008F51D5 /* DTURLConnection.m */,
				24988D0C115176C8008F51D5 /* DTURLLoadingConnection.h */,
				24988D0D115176C8008F51D5 /* DTURLLoadingConnection.m */,
				244C085011A19F7E00D960A4 /* NSData+Base64.h */,
				244C085111A19F7E00D960A4 /* NSData+Base64.m */,
			);
			path = DTConnectionKit;
			sourceTree = "<group>";
		};
		24988D1D115176FA008F51D5 /* DTInstapaperKit */ = {
			isa = PBXGroup;
			children = (
				24988E5311518AFE008F51D5 /* DTInstapaperConnection.h */,
				24988E5411518AFE008F51D5 /* DTInstapaperConnection.m */,
				24988D2011517711008F51D5 /* DTInstapaperLoginConnection.h */,
				24988D2111517711008F51D5 /* DTInstapaperLoginConnection.m */,
				24988D251151774A008F51D5 /* DTInstapaperAddConnection.h */,
				24988D261151774A008F51D5 /* DTInstapaperAddConnection.m */,
			);
			path = DTInstapaperKit;
			sourceTree = "<group>";
		};
		29B97314FDCFA39411CA2CEA /* CustomTemplate */ = {
			isa = PBXGroup;
			children = (
				24988CFE115176C7008F51D5 /* DTConnectionKit */,
				24988D1D115176FA008F51D5 /* DTInstapaperKit */,
				080E96DDFE201D6D7F000001 /* Classes */,
				29B97315FDCFA39411CA2CEA /* Other Sources */,
				29B97317FDCFA39411CA2CEA /* Resources */,
				29B97323FDCFA39411CA2CEA /* Frameworks */,
				19C28FACFE9D520D11CA2CBB /* Products */,
			);
			name = CustomTemplate;
			sourceTree = "<group>";
		};
		29B97315FDCFA39411CA2CEA /* Other Sources */ = {
			isa = PBXGroup;
			children = (
				32CA4F630368D1EE00C91783 /* DCTInstapaperKit_Prefix.pch */,
				29B97316FDCFA39411CA2CEA /* main.m */,
			);
			name = "Other Sources";
			sourceTree = "<group>";
		};
		29B97317FDCFA39411CA2CEA /* Resources */ = {
			isa = PBXGroup;
			children = (
				28AD733E0D9D9553002E5188 /* MainWindow.xib */,
				8D1107310486CEB800E47090 /* DCTInstapaperKit-Info.plist */,
			);
			name = Resources;
			sourceTree = "<group>";
		};
		29B97323FDCFA39411CA2CEA /* Frameworks */ = {
			isa = PBXGroup;
			children = (
				1DF5F4DF0D08C38300B7A737 /* UIKit.framework */,
				1D30AB110D05D00D00671497 /* Foundation.framework */,
				288765FC0DF74451002DB57D /* CoreGraphics.framework */,
				24988D17115176D3008F51D5 /* CoreData.framework */,
			);
			name = Frameworks;
			sourceTree = "<group>";
		};
/* End PBXGroup section */

/* Begin PBXNativeTarget section */
		1D6058900D05DD3D006BFB54 /* DCTInstapaperKit */ = {
			isa = PBXNativeTarget;
			buildConfigurationList = 1D6058960D05DD3E006BFB54 /* Build configuration list for PBXNativeTarget "DCTInstapaperKit" */;
			buildPhases = (
				1D60588D0D05DD3D006BFB54 /* Resources */,
				1D60588E0D05DD3D006BFB54 /* Sources */,
				1D60588F0D05DD3D006BFB54 /* Frameworks */,
			);
			buildRules = (
			);
			dependencies = (
			);
			name = DCTInstapaperKit;
			productName = DTInstapaperKit;
			productReference = 1D6058910D05DD3D006BFB54 /* DCTInstapaperKit.app */;
			productType = "com.apple.product-type.application";
		};
/* End PBXNativeTarget section */

/* Begin PBXProject section */
		29B97313FDCFA39411CA2CEA /* Project object */ = {
			isa = PBXProject;
			buildConfigurationList = C01FCF4E08A954540054247B /* Build configuration list for PBXProject "DCTInstapaperKit" */;
			compatibilityVersion = "Xcode 3.1";
			developmentRegion = English;
			hasScannedForEncodings = 1;
			knownRegions = (
				English,
				Japanese,
				French,
				German,
			);
			mainGroup = 29B97314FDCFA39411CA2CEA /* CustomTemplate */;
			projectDirPath = "";
			projectRoot = "";
			targets = (
				1D6058900D05DD3D006BFB54 /* DCTInstapaperKit */,
			);
		};
/* End PBXProject section */

/* Begin PBXResourcesBuildPhase section */
		1D60588D0D05DD3D006BFB54 /* Resources */ = {
			isa = PBXResourcesBuildPhase;
			buildActionMask = 2147483647;
			files = (
				28AD733F0D9D9553002E5188 /* MainWindow.xib in Resources */,
			);
			runOnlyForDeploymentPostprocessing = 0;
		};
/* End PBXResourcesBuildPhase section */

/* Begin PBXSourcesBuildPhase section */
		1D60588E0D05DD3D006BFB54 /* Sources */ = {
			isa = PBXSourcesBuildPhase;
			buildActionMask = 2147483647;
			files = (
				1D60589B0D05DD56006BFB54 /* main.m in Sources */,
				1D3623260D0F684500981E51 /* DTInstapaperKitAppDelegate.m in Sources */,
				24988D0E115176C8008F51D5 /* DTCacheURLProtocol.m in Sources */,
				24988D0F115176C8008F51D5 /* DTConnection.m in Sources */,
				24988D11115176C8008F51D5 /* DTConnectionQueue.m in Sources */,
				24988D12115176C8008F51D5 /* DTCoreDataConnection.m in Sources */,
				24988D13115176C8008F51D5 /* DTFileCache.m in Sources */,
				24988D14115176C8008F51D5 /* DTURLConnection.m in Sources */,
				24988D15115176C8008F51D5 /* DTURLLoadingConnection.m in Sources */,
				24988D2211517711008F51D5 /* DTInstapaperLoginConnection.m in Sources */,
				24988D271151774A008F51D5 /* DTInstapaperAddConnection.m in Sources */,
				24988E5511518AFE008F51D5 /* DTInstapaperConnection.m in Sources */,
				244C085211A19F7E00D960A4 /* NSData+Base64.m in Sources */,
			);
			runOnlyForDeploymentPostprocessing = 0;
		};
/* End PBXSourcesBuildPhase section */

/* Begin XCBuildConfiguration section */
		1D6058940D05DD3E006BFB54 /* Debug */ = {
			isa = XCBuildConfiguration;
			buildSettings = {
				ALWAYS_SEARCH_USER_PATHS = NO;
				COPY_PHASE_STRIP = NO;
				GCC_DYNAMIC_NO_PIC = NO;
				GCC_OPTIMIZATION_LEVEL = 0;
				GCC_PRECOMPILE_PREFIX_HEADER = YES;
				GCC_PREFIX_HEADER = DCTInstapaperKit_Prefix.pch;
				INFOPLIST_FILE = "DCTInstapaperKit-Info.plist";
				PRODUCT_NAME = DCTInstapaperKit;
			};
			name = Debug;
		};
		1D6058950D05DD3E006BFB54 /* Release */ = {
			isa = XCBuildConfiguration;
			buildSettings = {
				ALWAYS_SEARCH_USER_PATHS = NO;
				COPY_PHASE_STRIP = YES;
				GCC_PRECOMPILE_PREFIX_HEADER = YES;
				GCC_PREFIX_HEADER = DCTInstapaperKit_Prefix.pch;
				INFOPLIST_FILE = "DCTInstapaperKit-Info.plist";
				PRODUCT_NAME = DCTInstapaperKit;
				VALIDATE_PRODUCT = YES;
			};
			name = Release;
		};
		C01FCF4F08A954540054247B /* Debug */ = {
			isa = XCBuildConfiguration;
			buildSettings = {
				ARCHS = "$(ARCHS_STANDARD_32_BIT)";
				"CODE_SIGN_IDENTITY[sdk=iphoneos*]" = "iPhone Developer";
				GCC_C_LANGUAGE_STANDARD = c99;
				GCC_WARN_ABOUT_RETURN_TYPE = YES;
				GCC_WARN_UNUSED_VARIABLE = YES;
				PREBINDING = NO;
				SDKROOT = iphoneos3.1.3;
			};
			name = Debug;
		};
		C01FCF5008A954540054247B /* Release */ = {
			isa = XCBuildConfiguration;
			buildSettings = {
				ARCHS = "$(ARCHS_STANDARD_32_BIT)";
				"CODE_SIGN_IDENTITY[sdk=iphoneos*]" = "iPhone Developer";
				GCC_C_LANGUAGE_STANDARD = c99;
				GCC_WARN_ABOUT_RETURN_TYPE = YES;
				GCC_WARN_UNUSED_VARIABLE = YES;
				OTHER_CFLAGS = "-DNS_BLOCK_ASSERTIONS=1";
				PREBINDING = NO;
				SDKROOT = iphoneos3.1.3;
			};
			name = Release;
		};
/* End XCBuildConfiguration section */

/* Begin XCConfigurationList section */
		1D6058960D05DD3E006BFB54 /* Build configuration list for PBXNativeTarget "DCTInstapaperKit" */ = {
			isa = XCConfigurationList;
			buildConfigurations = (
				1D6058940D05DD3E006BFB54 /* Debug */,
				1D6058950D05DD3E006BFB54 /* Release */,
			);
			defaultConfigurationIsVisible = 0;
			defaultConfigurationName = Release;
		};
		C01FCF4E08A954540054247B /* Build configuration list for PBXProject "DCTInstapaperKit" */ = {
			isa = XCConfigurationList;
			buildConfigurations = (
				C01FCF4F08A954540054247B /* Debug */,
				C01FCF5008A954540054247B /* Release */,
			);
			defaultConfigurationIsVisible = 0;
			defaultConfigurationName = Release;
		};
/* End XCConfigurationList section */
	};
	rootObject = 29B97313FDCFA39411CA2CEA /* Project object */;
}
