// !$*UTF8*$!
{
	archiveVersion = 1;
	classes = {
	};
	objectVersion = 46;
	objects = {

/* Begin PBXBuildFile section */
		242DD7AA126A683B00306828 /* UIKit.framework in Frameworks */ = {isa = PBXBuildFile; fileRef = 242DD7A9126A683B00306828 /* UIKit.framework */; };
		242DD7AC126A683B00306828 /* Foundation.framework in Frameworks */ = {isa = PBXBuildFile; fileRef = 242DD7AB126A683B00306828 /* Foundation.framework */; };
		242DD7AE126A683B00306828 /* CoreGraphics.framework in Frameworks */ = {isa = PBXBuildFile; fileRef = 242DD7AD126A683B00306828 /* CoreGraphics.framework */; };
		242DD7B3126A683B00306828 /* InfoPlist.strings in Resources */ = {isa = PBXBuildFile; fileRef = 242DD7B1126A683B00306828 /* InfoPlist.strings */; };
		242DD7B5126A683B00306828 /* main.m in Sources */ = {isa = PBXBuildFile; fileRef = 242DD7B4126A683B00306828 /* main.m */; };
		242DD7B8126A683B00306828 /* DCTInstapaperKitAppDelegate.m in Sources */ = {isa = PBXBuildFile; fileRef = 242DD7B7126A683B00306828 /* DCTInstapaperKitAppDelegate.m */; };
		242DD7BB126A683B00306828 /* MainWindow.xib in Resources */ = {isa = PBXBuildFile; fileRef = 242DD7B9126A683B00306828 /* MainWindow.xib */; };
		24C11D11126A68DC0010A2D3 /* DCTInstapaperAddConnection.m in Sources */ = {isa = PBXBuildFile; fileRef = 24C11D0C126A68DC0010A2D3 /* DCTInstapaperAddConnection.m */; };
		24C11D12126A68DC0010A2D3 /* DCTInstapaperConnection.m in Sources */ = {isa = PBXBuildFile; fileRef = 24C11D0E126A68DC0010A2D3 /* DCTInstapaperConnection.m */; };
		24C11D13126A68DC0010A2D3 /* DTInstapaperLoginConnection.m in Sources */ = {isa = PBXBuildFile; fileRef = 24C11D10126A68DC0010A2D3 /* DTInstapaperLoginConnection.m */; };
		24C11D59126A69230010A2D3 /* DTCacheURLProtocol.m in Sources */ = {isa = PBXBuildFile; fileRef = 24C11D31126A69220010A2D3 /* DTCacheURLProtocol.m */; };
		24C11D5A126A69230010A2D3 /* DTFileCache.m in Sources */ = {isa = PBXBuildFile; fileRef = 24C11D33126A69220010A2D3 /* DTFileCache.m */; };
		24C11D5B126A69230010A2D3 /* NSBundle+DTInfoPlist.m in Sources */ = {isa = PBXBuildFile; fileRef = 24C11D36126A69220010A2D3 /* NSBundle+DTInfoPlist.m */; };
		24C11D5C126A69230010A2D3 /* NSData+Base64.m in Sources */ = {isa = PBXBuildFile; fileRef = 24C11D38126A69220010A2D3 /* NSData+Base64.m */; };
		24C11D5D126A69230010A2D3 /* NSDictionary+DTLocateObjectForKey.m in Sources */ = {isa = PBXBuildFile; fileRef = 24C11D3A126A69220010A2D3 /* NSDictionary+DTLocateObjectForKey.m */; };
		24C11D5E126A69230010A2D3 /* NSString+DTURLEncoding.m in Sources */ = {isa = PBXBuildFile; fileRef = 24C11D3C126A69220010A2D3 /* NSString+DTURLEncoding.m */; };
		24C11D5F126A69230010A2D3 /* DCTCoreDataConnectionController.m in Sources */ = {isa = PBXBuildFile; fileRef = 24C11D3F126A69220010A2D3 /* DCTCoreDataConnectionController.m */; };
		24C11D60126A69230010A2D3 /* DCTRequestConnectionController.m in Sources */ = {isa = PBXBuildFile; fileRef = 24C11D41126A69220010A2D3 /* DCTRequestConnectionController.m */; };
		24C11D61126A69230010A2D3 /* DCTURLLoadingConnectionController.m in Sources */ = {isa = PBXBuildFile; fileRef = 24C11D43126A69220010A2D3 /* DCTURLLoadingConnectionController.m */; };
		24C11D62126A69230010A2D3 /* DCTConnectionController.m in Sources */ = {isa = PBXBuildFile; fileRef = 24C11D45126A69220010A2D3 /* DCTConnectionController.m */; };
		24C11D63126A69230010A2D3 /* DCTConnectionQueue+Singleton.m in Sources */ = {isa = PBXBuildFile; fileRef = 24C11D47126A69220010A2D3 /* DCTConnectionQueue+Singleton.m */; };
		24C11D64126A69230010A2D3 /* DCTConnectionQueue.m in Sources */ = {isa = PBXBuildFile; fileRef = 24C11D49126A69220010A2D3 /* DCTConnectionQueue.m */; };
		24C11D65126A69230010A2D3 /* DCTRESTController.m in Sources */ = {isa = PBXBuildFile; fileRef = 24C11D4B126A69220010A2D3 /* DCTRESTController.m */; };
		24C11D66126A69230010A2D3 /* DCTURLConnection.m in Sources */ = {isa = PBXBuildFile; fileRef = 24C11D4D126A69220010A2D3 /* DCTURLConnection.m */; };
		24C11D67126A69230010A2D3 /* DCTOAuthAccessTokenConnectionController.m in Sources */ = {isa = PBXBuildFile; fileRef = 24C11D50126A69220010A2D3 /* DCTOAuthAccessTokenConnectionController.m */; };
		24C11D68126A69230010A2D3 /* DCTOAuthConnectionController.m in Sources */ = {isa = PBXBuildFile; fileRef = 24C11D52126A69220010A2D3 /* DCTOAuthConnectionController.m */; };
		24C11D69126A69230010A2D3 /* DCTOAuthController.m in Sources */ = {isa = PBXBuildFile; fileRef = 24C11D54126A69220010A2D3 /* DCTOAuthController.m */; };
		24C11D6A126A69230010A2D3 /* DCTOAuthRequestTokenConnectionController.m in Sources */ = {isa = PBXBuildFile; fileRef = 24C11D56126A69220010A2D3 /* DCTOAuthRequestTokenConnectionController.m */; };
		24C11D6B126A69230010A2D3 /* DCTOAuthSignature.m in Sources */ = {isa = PBXBuildFile; fileRef = 24C11D58126A69220010A2D3 /* DCTOAuthSignature.m */; };
/* End PBXBuildFile section */

/* Begin PBXFileReference section */
		242DD7A6126A683B00306828 /* DCTInstapaperKit.app */ = {isa = PBXFileReference; explicitFileType = wrapper.application; includeInIndex = 0; path = DCTInstapaperKit.app; sourceTree = BUILT_PRODUCTS_DIR; };
		242DD7A9126A683B00306828 /* UIKit.framework */ = {isa = PBXFileReference; lastKnownFileType = wrapper.framework; name = UIKit.framework; path = System/Library/Frameworks/UIKit.framework; sourceTree = SDKROOT; };
		242DD7AB126A683B00306828 /* Foundation.framework */ = {isa = PBXFileReference; lastKnownFileType = wrapper.framework; name = Foundation.framework; path = System/Library/Frameworks/Foundation.framework; sourceTree = SDKROOT; };
		242DD7AD126A683B00306828 /* CoreGraphics.framework */ = {isa = PBXFileReference; lastKnownFileType = wrapper.framework; name = CoreGraphics.framework; path = System/Library/Frameworks/CoreGraphics.framework; sourceTree = SDKROOT; };
		242DD7AF126A683B00306828 /* DCTInstapaperKit-Info.plist */ = {isa = PBXFileReference; lastKnownFileType = text.plist.xml; path = "DCTInstapaperKit-Info.plist"; sourceTree = "<group>"; };
		242DD7B0126A683B00306828 /* DCTInstapaperKit_Prefix.pch */ = {isa = PBXFileReference; lastKnownFileType = sourcecode.c.h; path = DCTInstapaperKit_Prefix.pch; sourceTree = "<group>"; };
		242DD7B2126A683B00306828 /* en */ = {isa = PBXFileReference; lastKnownFileType = text.plist.strings; name = en; path = en.lproj/InfoPlist.strings; sourceTree = "<group>"; };
		242DD7B4126A683B00306828 /* main.m */ = {isa = PBXFileReference; lastKnownFileType = sourcecode.c.objc; path = main.m; sourceTree = "<group>"; };
		242DD7B6126A683B00306828 /* DCTInstapaperKitAppDelegate.h */ = {isa = PBXFileReference; lastKnownFileType = sourcecode.c.h; path = DCTInstapaperKitAppDelegate.h; sourceTree = "<group>"; };
		242DD7B7126A683B00306828 /* DCTInstapaperKitAppDelegate.m */ = {isa = PBXFileReference; lastKnownFileType = sourcecode.c.objc; path = DCTInstapaperKitAppDelegate.m; sourceTree = "<group>"; };
		242DD7BA126A683B00306828 /* en */ = {isa = PBXFileReference; lastKnownFileType = file.xib; name = en; path = en.lproj/MainWindow.xib; sourceTree = "<group>"; };
		24C11D0B126A68DC0010A2D3 /* DCTInstapaperAddConnection.h */ = {isa = PBXFileReference; fileEncoding = 4; path = DCTInstapaperAddConnection.h; sourceTree = "<group>"; };
		24C11D0C126A68DC0010A2D3 /* DCTInstapaperAddConnection.m */ = {isa = PBXFileReference; fileEncoding = 4; lastKnownFileType = sourcecode.c.objc; path = DCTInstapaperAddConnection.m; sourceTree = "<group>"; };
		24C11D0D126A68DC0010A2D3 /* DCTInstapaperConnection.h */ = {isa = PBXFileReference; fileEncoding = 4; path = DCTInstapaperConnection.h; sourceTree = "<group>"; };
		24C11D0E126A68DC0010A2D3 /* DCTInstapaperConnection.m */ = {isa = PBXFileReference; fileEncoding = 4; lastKnownFileType = sourcecode.c.objc; path = DCTInstapaperConnection.m; sourceTree = "<group>"; };
		24C11D0F126A68DC0010A2D3 /* DTInstapaperLoginConnection.h */ = {isa = PBXFileReference; fileEncoding = 4; lastKnownFileType = sourcecode.c.h; path = DTInstapaperLoginConnection.h; sourceTree = "<group>"; };
		24C11D10126A68DC0010A2D3 /* DTInstapaperLoginConnection.m */ = {isa = PBXFileReference; fileEncoding = 4; lastKnownFileType = sourcecode.c.objc; path = DTInstapaperLoginConnection.m; sourceTree = "<group>"; };
		24C11D30126A69220010A2D3 /* DTCacheURLProtocol.h */ = {isa = PBXFileReference; fileEncoding = 4; lastKnownFileType = sourcecode.c.h; path = DTCacheURLProtocol.h; sourceTree = "<group>"; };
		24C11D31126A69220010A2D3 /* DTCacheURLProtocol.m */ = {isa = PBXFileReference; fileEncoding = 4; lastKnownFileType = sourcecode.c.objc; path = DTCacheURLProtocol.m; sourceTree = "<group>"; };
		24C11D32126A69220010A2D3 /* DTFileCache.h */ = {isa = PBXFileReference; fileEncoding = 4; lastKnownFileType = sourcecode.c.h; path = DTFileCache.h; sourceTree = "<group>"; };
		24C11D33126A69220010A2D3 /* DTFileCache.m */ = {isa = PBXFileReference; fileEncoding = 4; lastKnownFileType = sourcecode.c.objc; path = DTFileCache.m; sourceTree = "<group>"; };
		24C11D35126A69220010A2D3 /* NSBundle+DTInfoPlist.h */ = {isa = PBXFileReference; fileEncoding = 4; lastKnownFileType = sourcecode.c.h; path = "NSBundle+DTInfoPlist.h"; sourceTree = "<group>"; };
		24C11D36126A69220010A2D3 /* NSBundle+DTInfoPlist.m */ = {isa = PBXFileReference; fileEncoding = 4; lastKnownFileType = sourcecode.c.objc; path = "NSBundle+DTInfoPlist.m"; sourceTree = "<group>"; };
		24C11D37126A69220010A2D3 /* NSData+Base64.h */ = {isa = PBXFileReference; fileEncoding = 4; lastKnownFileType = sourcecode.c.h; path = "NSData+Base64.h"; sourceTree = "<group>"; };
		24C11D38126A69220010A2D3 /* NSData+Base64.m */ = {isa = PBXFileReference; fileEncoding = 4; lastKnownFileType = sourcecode.c.objc; path = "NSData+Base64.m"; sourceTree = "<group>"; };
		24C11D39126A69220010A2D3 /* NSDictionary+DTLocateObjectForKey.h */ = {isa = PBXFileReference; fileEncoding = 4; lastKnownFileType = sourcecode.c.h; path = "NSDictionary+DTLocateObjectForKey.h"; sourceTree = "<group>"; };
		24C11D3A126A69220010A2D3 /* NSDictionary+DTLocateObjectForKey.m */ = {isa = PBXFileReference; fileEncoding = 4; lastKnownFileType = sourcecode.c.objc; path = "NSDictionary+DTLocateObjectForKey.m"; sourceTree = "<group>"; };
		24C11D3B126A69220010A2D3 /* NSString+DTURLEncoding.h */ = {isa = PBXFileReference; fileEncoding = 4; lastKnownFileType = sourcecode.c.h; path = "NSString+DTURLEncoding.h"; sourceTree = "<group>"; };
		24C11D3C126A69220010A2D3 /* NSString+DTURLEncoding.m */ = {isa = PBXFileReference; fileEncoding = 4; lastKnownFileType = sourcecode.c.objc; path = "NSString+DTURLEncoding.m"; sourceTree = "<group>"; };
		24C11D3E126A69220010A2D3 /* DCTCoreDataConnectionController.h */ = {isa = PBXFileReference; fileEncoding = 4; lastKnownFileType = sourcecode.c.h; path = DCTCoreDataConnectionController.h; sourceTree = "<group>"; };
		24C11D3F126A69220010A2D3 /* DCTCoreDataConnectionController.m */ = {isa = PBXFileReference; fileEncoding = 4; lastKnownFileType = sourcecode.c.objc; path = DCTCoreDataConnectionController.m; sourceTree = "<group>"; };
		24C11D40126A69220010A2D3 /* DCTRequestConnectionController.h */ = {isa = PBXFileReference; fileEncoding = 4; lastKnownFileType = sourcecode.c.h; path = DCTRequestConnectionController.h; sourceTree = "<group>"; };
		24C11D41126A69220010A2D3 /* DCTRequestConnectionController.m */ = {isa = PBXFileReference; fileEncoding = 4; lastKnownFileType = sourcecode.c.objc; path = DCTRequestConnectionController.m; sourceTree = "<group>"; };
		24C11D42126A69220010A2D3 /* DCTURLLoadingConnectionController.h */ = {isa = PBXFileReference; fileEncoding = 4; lastKnownFileType = sourcecode.c.h; path = DCTURLLoadingConnectionController.h; sourceTree = "<group>"; };
		24C11D43126A69220010A2D3 /* DCTURLLoadingConnectionController.m */ = {isa = PBXFileReference; fileEncoding = 4; lastKnownFileType = sourcecode.c.objc; path = DCTURLLoadingConnectionController.m; sourceTree = "<group>"; };
		24C11D44126A69220010A2D3 /* DCTConnectionController.h */ = {isa = PBXFileReference; fileEncoding = 4; lastKnownFileType = sourcecode.c.h; path = DCTConnectionController.h; sourceTree = "<group>"; };
		24C11D45126A69220010A2D3 /* DCTConnectionController.m */ = {isa = PBXFileReference; fileEncoding = 4; lastKnownFileType = sourcecode.c.objc; path = DCTConnectionController.m; sourceTree = "<group>"; };
		24C11D46126A69220010A2D3 /* DCTConnectionQueue+Singleton.h */ = {isa = PBXFileReference; fileEncoding = 4; lastKnownFileType = sourcecode.c.h; path = "DCTConnectionQueue+Singleton.h"; sourceTree = "<group>"; };
		24C11D47126A69220010A2D3 /* DCTConnectionQueue+Singleton.m */ = {isa = PBXFileReference; fileEncoding = 4; lastKnownFileType = sourcecode.c.objc; path = "DCTConnectionQueue+Singleton.m"; sourceTree = "<group>"; };
		24C11D48126A69220010A2D3 /* DCTConnectionQueue.h */ = {isa = PBXFileReference; fileEncoding = 4; lastKnownFileType = sourcecode.c.h; path = DCTConnectionQueue.h; sourceTree = "<group>"; };
		24C11D49126A69220010A2D3 /* DCTConnectionQueue.m */ = {isa = PBXFileReference; fileEncoding = 4; lastKnownFileType = sourcecode.c.objc; path = DCTConnectionQueue.m; sourceTree = "<group>"; };
		24C11D4A126A69220010A2D3 /* DCTRESTController.h */ = {isa = PBXFileReference; fileEncoding = 4; lastKnownFileType = sourcecode.c.h; path = DCTRESTController.h; sourceTree = "<group>"; };
		24C11D4B126A69220010A2D3 /* DCTRESTController.m */ = {isa = PBXFileReference; fileEncoding = 4; lastKnownFileType = sourcecode.c.objc; path = DCTRESTController.m; sourceTree = "<group>"; };
		24C11D4C126A69220010A2D3 /* DCTURLConnection.h */ = {isa = PBXFileReference; fileEncoding = 4; lastKnownFileType = sourcecode.c.h; path = DCTURLConnection.h; sourceTree = "<group>"; };
		24C11D4D126A69220010A2D3 /* DCTURLConnection.m */ = {isa = PBXFileReference; fileEncoding = 4; lastKnownFileType = sourcecode.c.objc; path = DCTURLConnection.m; sourceTree = "<group>"; };
		24C11D4F126A69220010A2D3 /* DCTOAuthAccessTokenConnectionController.h */ = {isa = PBXFileReference; fileEncoding = 4; lastKnownFileType = sourcecode.c.h; path = DCTOAuthAccessTokenConnectionController.h; sourceTree = "<group>"; };
		24C11D50126A69220010A2D3 /* DCTOAuthAccessTokenConnectionController.m */ = {isa = PBXFileReference; fileEncoding = 4; lastKnownFileType = sourcecode.c.objc; path = DCTOAuthAccessTokenConnectionController.m; sourceTree = "<group>"; };
		24C11D51126A69220010A2D3 /* DCTOAuthConnectionController.h */ = {isa = PBXFileReference; fileEncoding = 4; lastKnownFileType = sourcecode.c.h; path = DCTOAuthConnectionController.h; sourceTree = "<group>"; };
		24C11D52126A69220010A2D3 /* DCTOAuthConnectionController.m */ = {isa = PBXFileReference; fileEncoding = 4; lastKnownFileType = sourcecode.c.objc; path = DCTOAuthConnectionController.m; sourceTree = "<group>"; };
		24C11D53126A69220010A2D3 /* DCTOAuthController.h */ = {isa = PBXFileReference; fileEncoding = 4; lastKnownFileType = sourcecode.c.h; path = DCTOAuthController.h; sourceTree = "<group>"; };
		24C11D54126A69220010A2D3 /* DCTOAuthController.m */ = {isa = PBXFileReference; fileEncoding = 4; lastKnownFileType = sourcecode.c.objc; path = DCTOAuthController.m; sourceTree = "<group>"; };
		24C11D55126A69220010A2D3 /* DCTOAuthRequestTokenConnectionController.h */ = {isa = PBXFileReference; fileEncoding = 4; lastKnownFileType = sourcecode.c.h; path = DCTOAuthRequestTokenConnectionController.h; sourceTree = "<group>"; };
		24C11D56126A69220010A2D3 /* DCTOAuthRequestTokenConnectionController.m */ = {isa = PBXFileReference; fileEncoding = 4; lastKnownFileType = sourcecode.c.objc; path = DCTOAuthRequestTokenConnectionController.m; sourceTree = "<group>"; };
		24C11D57126A69220010A2D3 /* DCTOAuthSignature.h */ = {isa = PBXFileReference; fileEncoding = 4; lastKnownFileType = sourcecode.c.h; path = DCTOAuthSignature.h; sourceTree = "<group>"; };
		24C11D58126A69220010A2D3 /* DCTOAuthSignature.m */ = {isa = PBXFileReference; fileEncoding = 4; lastKnownFileType = sourcecode.c.objc; path = DCTOAuthSignature.m; sourceTree = "<group>"; };
/* End PBXFileReference section */

/* Begin PBXFrameworksBuildPhase section */
		242DD7A3126A683B00306828 /* Frameworks */ = {
			isa = PBXFrameworksBuildPhase;
			buildActionMask = 2147483647;
			files = (
				242DD7AA126A683B00306828 /* UIKit.framework in Frameworks */,
				242DD7AC126A683B00306828 /* Foundation.framework in Frameworks */,
				242DD7AE126A683B00306828 /* CoreGraphics.framework in Frameworks */,
			);
			runOnlyForDeploymentPostprocessing = 0;
		};
/* End PBXFrameworksBuildPhase section */

/* Begin PBXGroup section */
		242DD797126A683B00306828 = {
			isa = PBXGroup;
			children = (
				24C11D2E126A69220010A2D3 /* DCTConnectionKit */,
				24C11D0A126A68DC0010A2D3 /* DCTInstapaperKit */,
				242DD79E126A683B00306828 /* Classes */,
				242DD79F126A683B00306828 /* Other Sources */,
				242DD7A0126A683B00306828 /* Resources */,
				242DD7A1126A683B00306828 /* Frameworks */,
				242DD7A7126A683B00306828 /* Products */,
			);
			sourceTree = "<group>";
		};
		242DD79E126A683B00306828 /* Classes */ = {
			isa = PBXGroup;
			children = (
				242DD7B6126A683B00306828 /* DCTInstapaperKitAppDelegate.h */,
				242DD7B7126A683B00306828 /* DCTInstapaperKitAppDelegate.m */,
			);
			path = Classes;
			sourceTree = "<group>";
		};
		242DD79F126A683B00306828 /* Other Sources */ = {
			isa = PBXGroup;
			children = (
				242DD7B0126A683B00306828 /* DCTInstapaperKit_Prefix.pch */,
				242DD7B4126A683B00306828 /* main.m */,
			);
			name = "Other Sources";
			sourceTree = "<group>";
		};
		242DD7A0126A683B00306828 /* Resources */ = {
			isa = PBXGroup;
			children = (
				242DD7AF126A683B00306828 /* DCTInstapaperKit-Info.plist */,
				242DD7B1126A683B00306828 /* InfoPlist.strings */,
				242DD7B9126A683B00306828 /* MainWindow.xib */,
			);
			name = Resources;
			sourceTree = "<group>";
		};
		242DD7A1126A683B00306828 /* Frameworks */ = {
			isa = PBXGroup;
			children = (
				242DD7A9126A683B00306828 /* UIKit.framework */,
				242DD7AB126A683B00306828 /* Foundation.framework */,
				242DD7AD126A683B00306828 /* CoreGraphics.framework */,
			);
			name = Frameworks;
			sourceTree = "<group>";
		};
		242DD7A7126A683B00306828 /* Products */ = {
			isa = PBXGroup;
			children = (
				242DD7A6126A683B00306828 /* DCTInstapaperKit.app */,
			);
			name = Products;
			sourceTree = "<group>";
		};
		24C11D0A126A68DC0010A2D3 /* DCTInstapaperKit */ = {
			isa = PBXGroup;
			children = (
				24C11D0D126A68DC0010A2D3 /* DCTInstapaperConnection.h */,
				24C11D0E126A68DC0010A2D3 /* DCTInstapaperConnection.m */,
				24C11D0B126A68DC0010A2D3 /* DCTInstapaperAddConnection.h */,
				24C11D0C126A68DC0010A2D3 /* DCTInstapaperAddConnection.m */,
				24C11D0F126A68DC0010A2D3 /* DTInstapaperLoginConnection.h */,
				24C11D10126A68DC0010A2D3 /* DTInstapaperLoginConnection.m */,
			);
			path = DCTInstapaperKit;
			sourceTree = "<group>";
		};
		24C11D2E126A69220010A2D3 /* DCTConnectionKit */ = {
			isa = PBXGroup;
			children = (
				24C11D2F126A69220010A2D3 /* Caching */,
				24C11D34126A69220010A2D3 /* Categories */,
				24C11D3D126A69220010A2D3 /* Connection Controllers */,
				24C11D44126A69220010A2D3 /* DCTConnectionController.h */,
				24C11D45126A69220010A2D3 /* DCTConnectionController.m */,
				24C11D46126A69220010A2D3 /* DCTConnectionQueue+Singleton.h */,
				24C11D47126A69220010A2D3 /* DCTConnectionQueue+Singleton.m */,
				24C11D48126A69220010A2D3 /* DCTConnectionQueue.h */,
				24C11D49126A69220010A2D3 /* DCTConnectionQueue.m */,
				24C11D4A126A69220010A2D3 /* DCTRESTController.h */,
				24C11D4B126A69220010A2D3 /* DCTRESTController.m */,
				24C11D4C126A69220010A2D3 /* DCTURLConnection.h */,
				24C11D4D126A69220010A2D3 /* DCTURLConnection.m */,
				24C11D4E126A69220010A2D3 /* OAuth */,
			);
			name = DCTConnectionKit;
			path = /Users/danielctull/Dropbox/Programs/Cocoa/Frameworks/DCTConnectionKit/DCTConnectionKit;
			sourceTree = "<absolute>";
		};
		24C11D2F126A69220010A2D3 /* Caching */ = {
			isa = PBXGroup;
			children = (
				24C11D30126A69220010A2D3 /* DTCacheURLProtocol.h */,
				24C11D31126A69220010A2D3 /* DTCacheURLProtocol.m */,
				24C11D32126A69220010A2D3 /* DTFileCache.h */,
				24C11D33126A69220010A2D3 /* DTFileCache.m */,
			);
			path = Caching;
			sourceTree = "<group>";
		};
		24C11D34126A69220010A2D3 /* Categories */ = {
			isa = PBXGroup;
			children = (
				24C11D35126A69220010A2D3 /* NSBundle+DTInfoPlist.h */,
				24C11D36126A69220010A2D3 /* NSBundle+DTInfoPlist.m */,
				24C11D37126A69220010A2D3 /* NSData+Base64.h */,
				24C11D38126A69220010A2D3 /* NSData+Base64.m */,
				24C11D39126A69220010A2D3 /* NSDictionary+DTLocateObjectForKey.h */,
				24C11D3A126A69220010A2D3 /* NSDictionary+DTLocateObjectForKey.m */,
				24C11D3B126A69220010A2D3 /* NSString+DTURLEncoding.h */,
				24C11D3C126A69220010A2D3 /* NSString+DTURLEncoding.m */,
			);
			path = Categories;
			sourceTree = "<group>";
		};
		24C11D3D126A69220010A2D3 /* Connection Controllers */ = {
			isa = PBXGroup;
			children = (
				24C11D3E126A69220010A2D3 /* DCTCoreDataConnectionController.h */,
				24C11D3F126A69220010A2D3 /* DCTCoreDataConnectionController.m */,
				24C11D40126A69220010A2D3 /* DCTRequestConnectionController.h */,
				24C11D41126A69220010A2D3 /* DCTRequestConnectionController.m */,
				24C11D42126A69220010A2D3 /* DCTURLLoadingConnectionController.h */,
				24C11D43126A69220010A2D3 /* DCTURLLoadingConnectionController.m */,
			);
			path = "Connection Controllers";
			sourceTree = "<group>";
		};
		24C11D4E126A69220010A2D3 /* OAuth */ = {
			isa = PBXGroup;
			children = (
				24C11D4F126A69220010A2D3 /* DCTOAuthAccessTokenConnectionController.h */,
				24C11D50126A69220010A2D3 /* DCTOAuthAccessTokenConnectionController.m */,
				24C11D51126A69220010A2D3 /* DCTOAuthConnectionController.h */,
				24C11D52126A69220010A2D3 /* DCTOAuthConnectionController.m */,
				24C11D53126A69220010A2D3 /* DCTOAuthController.h */,
				24C11D54126A69220010A2D3 /* DCTOAuthController.m */,
				24C11D55126A69220010A2D3 /* DCTOAuthRequestTokenConnectionController.h */,
				24C11D56126A69220010A2D3 /* DCTOAuthRequestTokenConnectionController.m */,
				24C11D57126A69220010A2D3 /* DCTOAuthSignature.h */,
				24C11D58126A69220010A2D3 /* DCTOAuthSignature.m */,
			);
			path = OAuth;
			sourceTree = "<group>";
		};
/* End PBXGroup section */

/* Begin PBXNativeTarget section */
		242DD7A5126A683B00306828 /* DCTInstapaperKit */ = {
			isa = PBXNativeTarget;
			buildConfigurationList = 242DD7BE126A683B00306828 /* Build configuration list for PBXNativeTarget "DCTInstapaperKit" */;
			buildPhases = (
				242DD7A2126A683B00306828 /* Sources */,
				242DD7A3126A683B00306828 /* Frameworks */,
				242DD7A4126A683B00306828 /* Resources */,
			);
			buildRules = (
			);
			dependencies = (
			);
			name = DCTInstapaperKit;
			productName = DCTInstapaperKit;
			productReference = 242DD7A6126A683B00306828 /* DCTInstapaperKit.app */;
			productType = "com.apple.product-type.application";
		};
/* End PBXNativeTarget section */

/* Begin PBXProject section */
		242DD799126A683B00306828 /* Project object */ = {
			isa = PBXProject;
			attributes = {
				ORGANIZATIONNAME = "Daniel Tull";
			};
			buildConfigurationList = 242DD79C126A683B00306828 /* Build configuration list for PBXProject "DCTInstapaperKit" */;
			compatibilityVersion = "Xcode 3.2";
			developmentRegion = English;
			hasScannedForEncodings = 0;
			knownRegions = (
				en,
			);
			mainGroup = 242DD797126A683B00306828;
			productRefGroup = 242DD7A7126A683B00306828 /* Products */;
			projectDirPath = "";
			projectRoot = "";
			targets = (
				242DD7A5126A683B00306828 /* DCTInstapaperKit */,
			);
		};
/* End PBXProject section */

/* Begin PBXResourcesBuildPhase section */
		242DD7A4126A683B00306828 /* Resources */ = {
			isa = PBXResourcesBuildPhase;
			buildActionMask = 2147483647;
			files = (
				242DD7B3126A683B00306828 /* InfoPlist.strings in Resources */,
				242DD7BB126A683B00306828 /* MainWindow.xib in Resources */,
			);
			runOnlyForDeploymentPostprocessing = 0;
		};
/* End PBXResourcesBuildPhase section */

/* Begin PBXSourcesBuildPhase section */
		242DD7A2126A683B00306828 /* Sources */ = {
			isa = PBXSourcesBuildPhase;
			buildActionMask = 2147483647;
			files = (
				242DD7B5126A683B00306828 /* main.m in Sources */,
				242DD7B8126A683B00306828 /* DCTInstapaperKitAppDelegate.m in Sources */,
				24C11D11126A68DC0010A2D3 /* DCTInstapaperAddConnection.m in Sources */,
				24C11D12126A68DC0010A2D3 /* DCTInstapaperConnection.m in Sources */,
				24C11D13126A68DC0010A2D3 /* DTInstapaperLoginConnection.m in Sources */,
				24C11D59126A69230010A2D3 /* DTCacheURLProtocol.m in Sources */,
				24C11D5A126A69230010A2D3 /* DTFileCache.m in Sources */,
				24C11D5B126A69230010A2D3 /* NSBundle+DTInfoPlist.m in Sources */,
				24C11D5C126A69230010A2D3 /* NSData+Base64.m in Sources */,
				24C11D5D126A69230010A2D3 /* NSDictionary+DTLocateObjectForKey.m in Sources */,
				24C11D5E126A69230010A2D3 /* NSString+DTURLEncoding.m in Sources */,
				24C11D5F126A69230010A2D3 /* DCTCoreDataConnectionController.m in Sources */,
				24C11D60126A69230010A2D3 /* DCTRequestConnectionController.m in Sources */,
				24C11D61126A69230010A2D3 /* DCTURLLoadingConnectionController.m in Sources */,
				24C11D62126A69230010A2D3 /* DCTConnectionController.m in Sources */,
				24C11D63126A69230010A2D3 /* DCTConnectionQueue+Singleton.m in Sources */,
				24C11D64126A69230010A2D3 /* DCTConnectionQueue.m in Sources */,
				24C11D65126A69230010A2D3 /* DCTRESTController.m in Sources */,
				24C11D66126A69230010A2D3 /* DCTURLConnection.m in Sources */,
				24C11D67126A69230010A2D3 /* DCTOAuthAccessTokenConnectionController.m in Sources */,
				24C11D68126A69230010A2D3 /* DCTOAuthConnectionController.m in Sources */,
				24C11D69126A69230010A2D3 /* DCTOAuthController.m in Sources */,
				24C11D6A126A69230010A2D3 /* DCTOAuthRequestTokenConnectionController.m in Sources */,
				24C11D6B126A69230010A2D3 /* DCTOAuthSignature.m in Sources */,
			);
			runOnlyForDeploymentPostprocessing = 0;
		};
/* End PBXSourcesBuildPhase section */

/* Begin PBXVariantGroup section */
		242DD7B1126A683B00306828 /* InfoPlist.strings */ = {
			isa = PBXVariantGroup;
			children = (
				242DD7B2126A683B00306828 /* en */,
			);
			name = InfoPlist.strings;
			sourceTree = "<group>";
		};
		242DD7B9126A683B00306828 /* MainWindow.xib */ = {
			isa = PBXVariantGroup;
			children = (
				242DD7BA126A683B00306828 /* en */,
			);
			name = MainWindow.xib;
			sourceTree = "<group>";
		};
/* End PBXVariantGroup section */

/* Begin XCBuildConfiguration section */
		242DD7BC126A683B00306828 /* Debug */ = {
			isa = XCBuildConfiguration;
			buildSettings = {
				ARCHS = "$(ARCHS_STANDARD_32_BIT)";
				"CODE_SIGN_IDENTITY[sdk=iphoneos*]" = "iPhone Developer";
				GCC_C_LANGUAGE_STANDARD = gnu99;
				GCC_OPTIMIZATION_LEVEL = 0;
				GCC_PREPROCESSOR_DEFINITIONS = DEBUG;
				GCC_WARN_ABOUT_RETURN_TYPE = YES;
				GCC_WARN_UNUSED_VARIABLE = YES;
				IPHONEOS_DEPLOYMENT_TARGET = 4.1;
				PREBINDING = NO;
				SDKROOT = iphoneos;
			};
			name = Debug;
		};
		242DD7BD126A683B00306828 /* Release */ = {
			isa = XCBuildConfiguration;
			buildSettings = {
				ARCHS = "$(ARCHS_STANDARD_32_BIT)";
				"CODE_SIGN_IDENTITY[sdk=iphoneos*]" = "iPhone Developer";
				GCC_C_LANGUAGE_STANDARD = gnu99;
				GCC_WARN_ABOUT_RETURN_TYPE = YES;
				GCC_WARN_UNUSED_VARIABLE = YES;
				IPHONEOS_DEPLOYMENT_TARGET = 4.1;
				OTHER_CFLAGS = "-DNS_BLOCK_ASSERTIONS=1";
				PREBINDING = NO;
				SDKROOT = iphoneos;
			};
			name = Release;
		};
		242DD7BF126A683B00306828 /* Debug */ = {
			isa = XCBuildConfiguration;
			buildSettings = {
				ALWAYS_SEARCH_USER_PATHS = NO;
				COPY_PHASE_STRIP = NO;
				GCC_DYNAMIC_NO_PIC = NO;
				GCC_PRECOMPILE_PREFIX_HEADER = YES;
				GCC_PREFIX_HEADER = DCTInstapaperKit_Prefix.pch;
				INFOPLIST_FILE = "DCTInstapaperKit-Info.plist";
				PRODUCT_NAME = "$(TARGET_NAME)";
				WRAPPER_EXTENSION = app;
			};
			name = Debug;
		};
		242DD7C0126A683B00306828 /* Release */ = {
			isa = XCBuildConfiguration;
			buildSettings = {
				ALWAYS_SEARCH_USER_PATHS = NO;
				COPY_PHASE_STRIP = YES;
				GCC_PRECOMPILE_PREFIX_HEADER = YES;
				GCC_PREFIX_HEADER = DCTInstapaperKit_Prefix.pch;
				INFOPLIST_FILE = "DCTInstapaperKit-Info.plist";
				PRODUCT_NAME = "$(TARGET_NAME)";
				VALIDATE_PRODUCT = YES;
				WRAPPER_EXTENSION = app;
			};
			name = Release;
		};
/* End XCBuildConfiguration section */

/* Begin XCConfigurationList section */
		242DD79C126A683B00306828 /* Build configuration list for PBXProject "DCTInstapaperKit" */ = {
			isa = XCConfigurationList;
			buildConfigurations = (
				242DD7BC126A683B00306828 /* Debug */,
				242DD7BD126A683B00306828 /* Release */,
			);
			defaultConfigurationIsVisible = 0;
			defaultConfigurationName = Release;
		};
		242DD7BE126A683B00306828 /* Build configuration list for PBXNativeTarget "DCTInstapaperKit" */ = {
			isa = XCConfigurationList;
			buildConfigurations = (
				242DD7BF126A683B00306828 /* Debug */,
				242DD7C0126A683B00306828 /* Release */,
			);
			defaultConfigurationIsVisible = 0;
			defaultConfigurationName = Release;
		};
/* End XCConfigurationList section */
	};
	rootObject = 242DD799126A683B00306828 /* Project object */;
}
