// !$*UTF8*$!
{
	archiveVersion = 1;
	classes = {
	};
	objectVersion = 46;
	objects = {

/* Begin PBXBuildFile section */
		242DD7AA126A683B00306828 /* UIKit.framework in Frameworks */ = {isa = PBXBuildFile; fileRef = 242DD7A9126A683B00306828 /* UIKit.framework */; };
		242DD7AC126A683B00306828 /* Foundation.framework in Frameworks */ = {isa = PBXBuildFile; fileRef = 242DD7AB126A683B00306828 /* Foundation.framework */; };
		242DD7AE126A683B00306828 /* CoreGraphics.framework in Frameworks */ = {isa = PBXBuildFile; fileRef = 242DD7AD126A683B00306828 /* CoreGraphics.framework */; };
		242DD7B3126A683B00306828 /* InfoPlist.strings in Resources */ = {isa = PBXBuildFile; fileRef = 242DD7B1126A683B00306828 /* InfoPlist.strings */; };
		242DD7B5126A683B00306828 /* main.m in Sources */ = {isa = PBXBuildFile; fileRef = 242DD7B4126A683B00306828 /* main.m */; };
		242DD7B8126A683B00306828 /* DCTInstapaperKitAppDelegate.m in Sources */ = {isa = PBXBuildFile; fileRef = 242DD7B7126A683B00306828 /* DCTInstapaperKitAppDelegate.m */; };
		242DD7BB126A683B00306828 /* MainWindow.xib in Resources */ = {isa = PBXBuildFile; fileRef = 242DD7B9126A683B00306828 /* MainWindow.xib */; };
		2474482F130C60AB005F80F8 /* DCTInstapaperAddConnectionController.m in Sources */ = {isa = PBXBuildFile; fileRef = 247447AD130C60AB005F80F8 /* DCTInstapaperAddConnectionController.m */; };
		24744830130C60AB005F80F8 /* DCTInstapaperConnectionController.m in Sources */ = {isa = PBXBuildFile; fileRef = 247447AF130C60AB005F80F8 /* DCTInstapaperConnectionController.m */; };
		24744831130C60AB005F80F8 /* DCTInstapaperLoginConnectionController.m in Sources */ = {isa = PBXBuildFile; fileRef = 247447B1130C60AB005F80F8 /* DCTInstapaperLoginConnectionController.m */; };
		24CE95EB130C93960026CAA0 /* NSData+Base64.m in Sources */ = {isa = PBXBuildFile; fileRef = 24CE95BA130C93960026CAA0 /* NSData+Base64.m */; };
		24CE95EC130C93960026CAA0 /* NSString+DCTURLEncoding.m in Sources */ = {isa = PBXBuildFile; fileRef = 24CE95BC130C93960026CAA0 /* NSString+DCTURLEncoding.m */; };
		24CE95ED130C93960026CAA0 /* DCTRequestConnectionController.m in Sources */ = {isa = PBXBuildFile; fileRef = 24CE95BF130C93960026CAA0 /* DCTRequestConnectionController.m */; };
		24CE95EE130C93960026CAA0 /* DCTURLConnectionController.m in Sources */ = {isa = PBXBuildFile; fileRef = 24CE95C1130C93960026CAA0 /* DCTURLConnectionController.m */; };
		24CE95EF130C93960026CAA0 /* DCTConnectionController+Equality.m in Sources */ = {isa = PBXBuildFile; fileRef = 24CE95C3130C93960026CAA0 /* DCTConnectionController+Equality.m */; };
		24CE95F0130C93960026CAA0 /* DCTConnectionController.m in Sources */ = {isa = PBXBuildFile; fileRef = 24CE95C5130C93960026CAA0 /* DCTConnectionController.m */; };
		24CE95F1130C93960026CAA0 /* DCTConnectionQueue+Singleton.m in Sources */ = {isa = PBXBuildFile; fileRef = 24CE95C7130C93960026CAA0 /* DCTConnectionQueue+Singleton.m */; };
		24CE95F2130C93960026CAA0 /* DCTConnectionQueue.m in Sources */ = {isa = PBXBuildFile; fileRef = 24CE95C9130C93960026CAA0 /* DCTConnectionQueue.m */; };
		24CE95F3130C93960026CAA0 /* DCTRESTController.m in Sources */ = {isa = PBXBuildFile; fileRef = 24CE95CC130C93960026CAA0 /* DCTRESTController.m */; };
		24CE95F4130C93960026CAA0 /* DCTURLConnection.m in Sources */ = {isa = PBXBuildFile; fileRef = 24CE95CE130C93960026CAA0 /* DCTURLConnection.m */; };
		24CE95F5130C93960026CAA0 /* DCTConnectionQueue+UIKitAdditions.m in Sources */ = {isa = PBXBuildFile; fileRef = 24CE95D1130C93960026CAA0 /* DCTConnectionQueue+UIKitAdditions.m */; };
		24CE964F130C93C80026CAA0 /* DCTBlock.m in Sources */ = {isa = PBXBuildFile; fileRef = 24CE9620130C93C80026CAA0 /* DCTBlock.m */; };
		24CE9650130C93C80026CAA0 /* DCTObservationInfo.m in Sources */ = {isa = PBXBuildFile; fileRef = 24CE9622130C93C80026CAA0 /* DCTObservationInfo.m */; };
		24CE9651130C93C80026CAA0 /* DCTQueue.m in Sources */ = {isa = PBXBuildFile; fileRef = 24CE9624130C93C80026CAA0 /* DCTQueue.m */; };
		24CE9652130C93C80026CAA0 /* DCTStack.m in Sources */ = {isa = PBXBuildFile; fileRef = 24CE9626130C93C80026CAA0 /* DCTStack.m */; };
		24CE9653130C93C80026CAA0 /* NSArray+DCTExtras.m in Sources */ = {isa = PBXBuildFile; fileRef = 24CE9628130C93C80026CAA0 /* NSArray+DCTExtras.m */; };
		24CE9654130C93C80026CAA0 /* NSDate+DCTDateComponents.m in Sources */ = {isa = PBXBuildFile; fileRef = 24CE962A130C93C80026CAA0 /* NSDate+DCTDateComponents.m */; };
		24CE9655130C93C80026CAA0 /* NSDictionary+DCTExtras.m in Sources */ = {isa = PBXBuildFile; fileRef = 24CE962C130C93C80026CAA0 /* NSDictionary+DCTExtras.m */; };
		24CE9656130C93C80026CAA0 /* NSError+DCTExtensions.m in Sources */ = {isa = PBXBuildFile; fileRef = 24CE962E130C93C80026CAA0 /* NSError+DCTExtensions.m */; };
		24CE9657130C93C80026CAA0 /* NSMutableArray+DCTExtras.m in Sources */ = {isa = PBXBuildFile; fileRef = 24CE9630130C93C80026CAA0 /* NSMutableArray+DCTExtras.m */; };
		24CE9658130C93C80026CAA0 /* NSMutableSet+DCTExtras.m in Sources */ = {isa = PBXBuildFile; fileRef = 24CE9632130C93C80026CAA0 /* NSMutableSet+DCTExtras.m */; };
		24CE9659130C93C80026CAA0 /* NSObject+DCTKVOExtras.m in Sources */ = {isa = PBXBuildFile; fileRef = 24CE9634130C93C80026CAA0 /* NSObject+DCTKVOExtras.m */; };
		24CE965A130C93C80026CAA0 /* NSObject+DCTPerformSelector.m in Sources */ = {isa = PBXBuildFile; fileRef = 24CE9636130C93C80026CAA0 /* NSObject+DCTPerformSelector.m */; };
/* End PBXBuildFile section */

/* Begin PBXFileReference section */
		242DD7A6126A683B00306828 /* DCTInstapaper.app */ = {isa = PBXFileReference; explicitFileType = wrapper.application; includeInIndex = 0; path = DCTInstapaper.app; sourceTree = BUILT_PRODUCTS_DIR; };
		242DD7A9126A683B00306828 /* UIKit.framework */ = {isa = PBXFileReference; lastKnownFileType = wrapper.framework; name = UIKit.framework; path = System/Library/Frameworks/UIKit.framework; sourceTree = SDKROOT; };
		242DD7AB126A683B00306828 /* Foundation.framework */ = {isa = PBXFileReference; lastKnownFileType = wrapper.framework; name = Foundation.framework; path = System/Library/Frameworks/Foundation.framework; sourceTree = SDKROOT; };
		242DD7AD126A683B00306828 /* CoreGraphics.framework */ = {isa = PBXFileReference; lastKnownFileType = wrapper.framework; name = CoreGraphics.framework; path = System/Library/Frameworks/CoreGraphics.framework; sourceTree = SDKROOT; };
		242DD7AF126A683B00306828 /* DCTInstapaper-Info.plist */ = {isa = PBXFileReference; lastKnownFileType = text.plist.xml; path = "DCTInstapaper-Info.plist"; sourceTree = "<group>"; };
		242DD7B0126A683B00306828 /* DCTInstapaper_Prefix.pch */ = {isa = PBXFileReference; lastKnownFileType = sourcecode.c.h; path = DCTInstapaper_Prefix.pch; sourceTree = "<group>"; };
		242DD7B2126A683B00306828 /* en */ = {isa = PBXFileReference; lastKnownFileType = text.plist.strings; name = en; path = en.lproj/InfoPlist.strings; sourceTree = "<group>"; };
		242DD7B4126A683B00306828 /* main.m */ = {isa = PBXFileReference; lastKnownFileType = sourcecode.c.objc; path = main.m; sourceTree = "<group>"; };
		242DD7B6126A683B00306828 /* DCTInstapaperKitAppDelegate.h */ = {isa = PBXFileReference; lastKnownFileType = sourcecode.c.h; path = DCTInstapaperKitAppDelegate.h; sourceTree = "<group>"; };
		242DD7B7126A683B00306828 /* DCTInstapaperKitAppDelegate.m */ = {isa = PBXFileReference; lastKnownFileType = sourcecode.c.objc; path = DCTInstapaperKitAppDelegate.m; sourceTree = "<group>"; };
		242DD7BA126A683B00306828 /* en */ = {isa = PBXFileReference; lastKnownFileType = file.xib; name = en; path = en.lproj/MainWindow.xib; sourceTree = "<group>"; };
		247447AC130C60AB005F80F8 /* DCTInstapaperAddConnectionController.h */ = {isa = PBXFileReference; fileEncoding = 4; lastKnownFileType = sourcecode.c.h; path = DCTInstapaperAddConnectionController.h; sourceTree = "<group>"; };
		247447AD130C60AB005F80F8 /* DCTInstapaperAddConnectionController.m */ = {isa = PBXFileReference; fileEncoding = 4; lastKnownFileType = sourcecode.c.objc; path = DCTInstapaperAddConnectionController.m; sourceTree = "<group>"; };
		247447AE130C60AB005F80F8 /* DCTInstapaperConnectionController.h */ = {isa = PBXFileReference; fileEncoding = 4; lastKnownFileType = sourcecode.c.h; path = DCTInstapaperConnectionController.h; sourceTree = "<group>"; };
		247447AF130C60AB005F80F8 /* DCTInstapaperConnectionController.m */ = {isa = PBXFileReference; fileEncoding = 4; lastKnownFileType = sourcecode.c.objc; path = DCTInstapaperConnectionController.m; sourceTree = "<group>"; };
		247447B0130C60AB005F80F8 /* DCTInstapaperLoginConnectionController.h */ = {isa = PBXFileReference; fileEncoding = 4; lastKnownFileType = sourcecode.c.h; path = DCTInstapaperLoginConnectionController.h; sourceTree = "<group>"; };
		247447B1130C60AB005F80F8 /* DCTInstapaperLoginConnectionController.m */ = {isa = PBXFileReference; fileEncoding = 4; lastKnownFileType = sourcecode.c.objc; path = DCTInstapaperLoginConnectionController.m; sourceTree = "<group>"; };
		24CE95B9130C93960026CAA0 /* NSData+Base64.h */ = {isa = PBXFileReference; fileEncoding = 4; lastKnownFileType = sourcecode.c.h; path = "NSData+Base64.h"; sourceTree = "<group>"; };
		24CE95BA130C93960026CAA0 /* NSData+Base64.m */ = {isa = PBXFileReference; fileEncoding = 4; lastKnownFileType = sourcecode.c.objc; path = "NSData+Base64.m"; sourceTree = "<group>"; };
		24CE95BB130C93960026CAA0 /* NSString+DCTURLEncoding.h */ = {isa = PBXFileReference; fileEncoding = 4; lastKnownFileType = sourcecode.c.h; path = "NSString+DCTURLEncoding.h"; sourceTree = "<group>"; };
		24CE95BC130C93960026CAA0 /* NSString+DCTURLEncoding.m */ = {isa = PBXFileReference; fileEncoding = 4; lastKnownFileType = sourcecode.c.objc; path = "NSString+DCTURLEncoding.m"; sourceTree = "<group>"; };
		24CE95BE130C93960026CAA0 /* DCTRequestConnectionController.h */ = {isa = PBXFileReference; fileEncoding = 4; lastKnownFileType = sourcecode.c.h; path = DCTRequestConnectionController.h; sourceTree = "<group>"; };
		24CE95BF130C93960026CAA0 /* DCTRequestConnectionController.m */ = {isa = PBXFileReference; fileEncoding = 4; lastKnownFileType = sourcecode.c.objc; path = DCTRequestConnectionController.m; sourceTree = "<group>"; };
		24CE95C0130C93960026CAA0 /* DCTURLConnectionController.h */ = {isa = PBXFileReference; fileEncoding = 4; lastKnownFileType = sourcecode.c.h; path = DCTURLConnectionController.h; sourceTree = "<group>"; };
		24CE95C1130C93960026CAA0 /* DCTURLConnectionController.m */ = {isa = PBXFileReference; fileEncoding = 4; lastKnownFileType = sourcecode.c.objc; path = DCTURLConnectionController.m; sourceTree = "<group>"; };
		24CE95C2130C93960026CAA0 /* DCTConnectionController+Equality.h */ = {isa = PBXFileReference; fileEncoding = 4; lastKnownFileType = sourcecode.c.h; path = "DCTConnectionController+Equality.h"; sourceTree = "<group>"; };
		24CE95C3130C93960026CAA0 /* DCTConnectionController+Equality.m */ = {isa = PBXFileReference; fileEncoding = 4; lastKnownFileType = sourcecode.c.objc; path = "DCTConnectionController+Equality.m"; sourceTree = "<group>"; };
		24CE95C4130C93960026CAA0 /* DCTConnectionController.h */ = {isa = PBXFileReference; fileEncoding = 4; lastKnownFileType = sourcecode.c.h; path = DCTConnectionController.h; sourceTree = "<group>"; };
		24CE95C5130C93960026CAA0 /* DCTConnectionController.m */ = {isa = PBXFileReference; fileEncoding = 4; lastKnownFileType = sourcecode.c.objc; path = DCTConnectionController.m; sourceTree = "<group>"; };
		24CE95C6130C93960026CAA0 /* DCTConnectionQueue+Singleton.h */ = {isa = PBXFileReference; fileEncoding = 4; lastKnownFileType = sourcecode.c.h; path = "DCTConnectionQueue+Singleton.h"; sourceTree = "<group>"; };
		24CE95C7130C93960026CAA0 /* DCTConnectionQueue+Singleton.m */ = {isa = PBXFileReference; fileEncoding = 4; lastKnownFileType = sourcecode.c.objc; path = "DCTConnectionQueue+Singleton.m"; sourceTree = "<group>"; };
		24CE95C8130C93960026CAA0 /* DCTConnectionQueue.h */ = {isa = PBXFileReference; fileEncoding = 4; lastKnownFileType = sourcecode.c.h; path = DCTConnectionQueue.h; sourceTree = "<group>"; };
		24CE95C9130C93960026CAA0 /* DCTConnectionQueue.m */ = {isa = PBXFileReference; fileEncoding = 4; lastKnownFileType = sourcecode.c.objc; path = DCTConnectionQueue.m; sourceTree = "<group>"; };
		24CE95CB130C93960026CAA0 /* DCTRESTController.h */ = {isa = PBXFileReference; fileEncoding = 4; lastKnownFileType = sourcecode.c.h; path = DCTRESTController.h; sourceTree = "<group>"; };
		24CE95CC130C93960026CAA0 /* DCTRESTController.m */ = {isa = PBXFileReference; fileEncoding = 4; lastKnownFileType = sourcecode.c.objc; path = DCTRESTController.m; sourceTree = "<group>"; };
		24CE95CD130C93960026CAA0 /* DCTURLConnection.h */ = {isa = PBXFileReference; fileEncoding = 4; lastKnownFileType = sourcecode.c.h; path = DCTURLConnection.h; sourceTree = "<group>"; };
		24CE95CE130C93960026CAA0 /* DCTURLConnection.m */ = {isa = PBXFileReference; fileEncoding = 4; lastKnownFileType = sourcecode.c.objc; path = DCTURLConnection.m; sourceTree = "<group>"; };
		24CE95D0130C93960026CAA0 /* DCTConnectionQueue+UIKitAdditions.h */ = {isa = PBXFileReference; fileEncoding = 4; lastKnownFileType = sourcecode.c.h; path = "DCTConnectionQueue+UIKitAdditions.h"; sourceTree = "<group>"; };
		24CE95D1130C93960026CAA0 /* DCTConnectionQueue+UIKitAdditions.m */ = {isa = PBXFileReference; fileEncoding = 4; lastKnownFileType = sourcecode.c.objc; path = "DCTConnectionQueue+UIKitAdditions.m"; sourceTree = "<group>"; };
		24CE961F130C93C80026CAA0 /* DCTBlock.h */ = {isa = PBXFileReference; fileEncoding = 4; lastKnownFileType = sourcecode.c.h; path = DCTBlock.h; sourceTree = "<group>"; };
		24CE9620130C93C80026CAA0 /* DCTBlock.m */ = {isa = PBXFileReference; fileEncoding = 4; lastKnownFileType = sourcecode.c.objc; path = DCTBlock.m; sourceTree = "<group>"; };
		24CE9621130C93C80026CAA0 /* DCTObservationInfo.h */ = {isa = PBXFileReference; fileEncoding = 4; lastKnownFileType = sourcecode.c.h; path = DCTObservationInfo.h; sourceTree = "<group>"; };
		24CE9622130C93C80026CAA0 /* DCTObservationInfo.m */ = {isa = PBXFileReference; fileEncoding = 4; lastKnownFileType = sourcecode.c.objc; path = DCTObservationInfo.m; sourceTree = "<group>"; };
		24CE9623130C93C80026CAA0 /* DCTQueue.h */ = {isa = PBXFileReference; fileEncoding = 4; lastKnownFileType = sourcecode.c.h; path = DCTQueue.h; sourceTree = "<group>"; };
		24CE9624130C93C80026CAA0 /* DCTQueue.m */ = {isa = PBXFileReference; fileEncoding = 4; lastKnownFileType = sourcecode.c.objc; path = DCTQueue.m; sourceTree = "<group>"; };
		24CE9625130C93C80026CAA0 /* DCTStack.h */ = {isa = PBXFileReference; fileEncoding = 4; lastKnownFileType = sourcecode.c.h; path = DCTStack.h; sourceTree = "<group>"; };
		24CE9626130C93C80026CAA0 /* DCTStack.m */ = {isa = PBXFileReference; fileEncoding = 4; lastKnownFileType = sourcecode.c.objc; path = DCTStack.m; sourceTree = "<group>"; };
		24CE9627130C93C80026CAA0 /* NSArray+DCTExtras.h */ = {isa = PBXFileReference; fileEncoding = 4; lastKnownFileType = sourcecode.c.h; path = "NSArray+DCTExtras.h"; sourceTree = "<group>"; };
		24CE9628130C93C80026CAA0 /* NSArray+DCTExtras.m */ = {isa = PBXFileReference; fileEncoding = 4; lastKnownFileType = sourcecode.c.objc; path = "NSArray+DCTExtras.m"; sourceTree = "<group>"; };
		24CE9629130C93C80026CAA0 /* NSDate+DCTDateComponents.h */ = {isa = PBXFileReference; fileEncoding = 4; lastKnownFileType = sourcecode.c.h; path = "NSDate+DCTDateComponents.h"; sourceTree = "<group>"; };
		24CE962A130C93C80026CAA0 /* NSDate+DCTDateComponents.m */ = {isa = PBXFileReference; fileEncoding = 4; lastKnownFileType = sourcecode.c.objc; path = "NSDate+DCTDateComponents.m"; sourceTree = "<group>"; };
		24CE962B130C93C80026CAA0 /* NSDictionary+DCTExtras.h */ = {isa = PBXFileReference; fileEncoding = 4; lastKnownFileType = sourcecode.c.h; path = "NSDictionary+DCTExtras.h"; sourceTree = "<group>"; };
		24CE962C130C93C80026CAA0 /* NSDictionary+DCTExtras.m */ = {isa = PBXFileReference; fileEncoding = 4; lastKnownFileType = sourcecode.c.objc; path = "NSDictionary+DCTExtras.m"; sourceTree = "<group>"; };
		24CE962D130C93C80026CAA0 /* NSError+DCTExtensions.h */ = {isa = PBXFileReference; fileEncoding = 4; lastKnownFileType = sourcecode.c.h; path = "NSError+DCTExtensions.h"; sourceTree = "<group>"; };
		24CE962E130C93C80026CAA0 /* NSError+DCTExtensions.m */ = {isa = PBXFileReference; fileEncoding = 4; lastKnownFileType = sourcecode.c.objc; path = "NSError+DCTExtensions.m"; sourceTree = "<group>"; };
		24CE962F130C93C80026CAA0 /* NSMutableArray+DCTExtras.h */ = {isa = PBXFileReference; fileEncoding = 4; lastKnownFileType = sourcecode.c.h; path = "NSMutableArray+DCTExtras.h"; sourceTree = "<group>"; };
		24CE9630130C93C80026CAA0 /* NSMutableArray+DCTExtras.m */ = {isa = PBXFileReference; fileEncoding = 4; lastKnownFileType = sourcecode.c.objc; path = "NSMutableArray+DCTExtras.m"; sourceTree = "<group>"; };
		24CE9631130C93C80026CAA0 /* NSMutableSet+DCTExtras.h */ = {isa = PBXFileReference; fileEncoding = 4; lastKnownFileType = sourcecode.c.h; path = "NSMutableSet+DCTExtras.h"; sourceTree = "<group>"; };
		24CE9632130C93C80026CAA0 /* NSMutableSet+DCTExtras.m */ = {isa = PBXFileReference; fileEncoding = 4; lastKnownFileType = sourcecode.c.objc; path = "NSMutableSet+DCTExtras.m"; sourceTree = "<group>"; };
		24CE9633130C93C80026CAA0 /* NSObject+DCTKVOExtras.h */ = {isa = PBXFileReference; fileEncoding = 4; lastKnownFileType = sourcecode.c.h; path = "NSObject+DCTKVOExtras.h"; sourceTree = "<group>"; };
		24CE9634130C93C80026CAA0 /* NSObject+DCTKVOExtras.m */ = {isa = PBXFileReference; fileEncoding = 4; lastKnownFileType = sourcecode.c.objc; path = "NSObject+DCTKVOExtras.m"; sourceTree = "<group>"; };
		24CE9635130C93C80026CAA0 /* NSObject+DCTPerformSelector.h */ = {isa = PBXFileReference; fileEncoding = 4; lastKnownFileType = sourcecode.c.h; path = "NSObject+DCTPerformSelector.h"; sourceTree = "<group>"; };
		24CE9636130C93C80026CAA0 /* NSObject+DCTPerformSelector.m */ = {isa = PBXFileReference; fileEncoding = 4; lastKnownFileType = sourcecode.c.objc; path = "NSObject+DCTPerformSelector.m"; sourceTree = "<group>"; };
/* End PBXFileReference section */

/* Begin PBXFrameworksBuildPhase section */
		242DD7A3126A683B00306828 /* Frameworks */ = {
			isa = PBXFrameworksBuildPhase;
			buildActionMask = 2147483647;
			files = (
				242DD7AA126A683B00306828 /* UIKit.framework in Frameworks */,
				242DD7AC126A683B00306828 /* Foundation.framework in Frameworks */,
				242DD7AE126A683B00306828 /* CoreGraphics.framework in Frameworks */,
			);
			runOnlyForDeploymentPostprocessing = 0;
		};
/* End PBXFrameworksBuildPhase section */

/* Begin PBXGroup section */
		242DD797126A683B00306828 = {
			isa = PBXGroup;
			children = (
				24CE95F7130C93C80026CAA0 /* DCTFoundation */,
				24CE958F130C93960026CAA0 /* DCTConnectionController */,
				247446C9130C60AB005F80F8 /* DCTInstapaperKit */,
				242DD79E126A683B00306828 /* Classes */,
				242DD79F126A683B00306828 /* Other Sources */,
				242DD7A0126A683B00306828 /* Resources */,
				242DD7A1126A683B00306828 /* Frameworks */,
				242DD7A7126A683B00306828 /* Products */,
			);
			sourceTree = "<group>";
		};
		242DD79E126A683B00306828 /* Classes */ = {
			isa = PBXGroup;
			children = (
				242DD7B6126A683B00306828 /* DCTInstapaperKitAppDelegate.h */,
				242DD7B7126A683B00306828 /* DCTInstapaperKitAppDelegate.m */,
			);
			path = Classes;
			sourceTree = "<group>";
		};
		242DD79F126A683B00306828 /* Other Sources */ = {
			isa = PBXGroup;
			children = (
				242DD7B0126A683B00306828 /* DCTInstapaper_Prefix.pch */,
				242DD7B4126A683B00306828 /* main.m */,
			);
			name = "Other Sources";
			sourceTree = "<group>";
		};
		242DD7A0126A683B00306828 /* Resources */ = {
			isa = PBXGroup;
			children = (
				242DD7AF126A683B00306828 /* DCTInstapaper-Info.plist */,
				242DD7B1126A683B00306828 /* InfoPlist.strings */,
				242DD7B9126A683B00306828 /* MainWindow.xib */,
			);
			name = Resources;
			sourceTree = "<group>";
		};
		242DD7A1126A683B00306828 /* Frameworks */ = {
			isa = PBXGroup;
			children = (
				242DD7A9126A683B00306828 /* UIKit.framework */,
				242DD7AB126A683B00306828 /* Foundation.framework */,
				242DD7AD126A683B00306828 /* CoreGraphics.framework */,
			);
			name = Frameworks;
			sourceTree = "<group>";
		};
		242DD7A7126A683B00306828 /* Products */ = {
			isa = PBXGroup;
			children = (
				242DD7A6126A683B00306828 /* DCTInstapaper.app */,
			);
			name = Products;
			sourceTree = "<group>";
		};
		247446C9130C60AB005F80F8 /* DCTInstapaperKit */ = {
			isa = PBXGroup;
			children = (
				247447AC130C60AB005F80F8 /* DCTInstapaperAddConnectionController.h */,
				247447AD130C60AB005F80F8 /* DCTInstapaperAddConnectionController.m */,
				247447AE130C60AB005F80F8 /* DCTInstapaperConnectionController.h */,
				247447AF130C60AB005F80F8 /* DCTInstapaperConnectionController.m */,
				247447B0130C60AB005F80F8 /* DCTInstapaperLoginConnectionController.h */,
				247447B1130C60AB005F80F8 /* DCTInstapaperLoginConnectionController.m */,
			);
			name = DCTInstapaperKit;
			path = ..;
			sourceTree = "<group>";
		};
		24CE958F130C93960026CAA0 /* DCTConnectionController */ = {
			isa = PBXGroup;
			children = (
				24CE95B8130C93960026CAA0 /* Categories */,
				24CE95BD130C93960026CAA0 /* Connection Controllers */,
				24CE95C2130C93960026CAA0 /* DCTConnectionController+Equality.h */,
				24CE95C3130C93960026CAA0 /* DCTConnectionController+Equality.m */,
				24CE95C4130C93960026CAA0 /* DCTConnectionController.h */,
				24CE95C5130C93960026CAA0 /* DCTConnectionController.m */,
				24CE95C6130C93960026CAA0 /* DCTConnectionQueue+Singleton.h */,
				24CE95C7130C93960026CAA0 /* DCTConnectionQueue+Singleton.m */,
				24CE95C8130C93960026CAA0 /* DCTConnectionQueue.h */,
				24CE95C9130C93960026CAA0 /* DCTConnectionQueue.m */,
				24CE95CB130C93960026CAA0 /* DCTRESTController.h */,
				24CE95CC130C93960026CAA0 /* DCTRESTController.m */,
				24CE95CD130C93960026CAA0 /* DCTURLConnection.h */,
				24CE95CE130C93960026CAA0 /* DCTURLConnection.m */,
				24CE95CF130C93960026CAA0 /* UIKit Additions */,
			);
			name = DCTConnectionController;
			path = ../DCTConnectionController;
			sourceTree = "<group>";
		};
		24CE95B8130C93960026CAA0 /* Categories */ = {
			isa = PBXGroup;
			children = (
				24CE95B9130C93960026CAA0 /* NSData+Base64.h */,
				24CE95BA130C93960026CAA0 /* NSData+Base64.m */,
				24CE95BB130C93960026CAA0 /* NSString+DCTURLEncoding.h */,
				24CE95BC130C93960026CAA0 /* NSString+DCTURLEncoding.m */,
			);
			path = Categories;
			sourceTree = "<group>";
		};
		24CE95BD130C93960026CAA0 /* Connection Controllers */ = {
			isa = PBXGroup;
			children = (
				24CE95BE130C93960026CAA0 /* DCTRequestConnectionController.h */,
				24CE95BF130C93960026CAA0 /* DCTRequestConnectionController.m */,
				24CE95C0130C93960026CAA0 /* DCTURLConnectionController.h */,
				24CE95C1130C93960026CAA0 /* DCTURLConnectionController.m */,
			);
			path = "Connection Controllers";
			sourceTree = "<group>";
		};
		24CE95CF130C93960026CAA0 /* UIKit Additions */ = {
			isa = PBXGroup;
			children = (
				24CE95D0130C93960026CAA0 /* DCTConnectionQueue+UIKitAdditions.h */,
				24CE95D1130C93960026CAA0 /* DCTConnectionQueue+UIKitAdditions.m */,
			);
			path = "UIKit Additions";
			sourceTree = "<group>";
		};
		24CE95F7130C93C80026CAA0 /* DCTFoundation */ = {
			isa = PBXGroup;
			children = (
				24CE961F130C93C80026CAA0 /* DCTBlock.h */,
				24CE9620130C93C80026CAA0 /* DCTBlock.m */,
				24CE9621130C93C80026CAA0 /* DCTObservationInfo.h */,
				24CE9622130C93C80026CAA0 /* DCTObservationInfo.m */,
				24CE9623130C93C80026CAA0 /* DCTQueue.h */,
				24CE9624130C93C80026CAA0 /* DCTQueue.m */,
				24CE9625130C93C80026CAA0 /* DCTStack.h */,
				24CE9626130C93C80026CAA0 /* DCTStack.m */,
				24CE9627130C93C80026CAA0 /* NSArray+DCTExtras.h */,
				24CE9628130C93C80026CAA0 /* NSArray+DCTExtras.m */,
				24CE9629130C93C80026CAA0 /* NSDate+DCTDateComponents.h */,
				24CE962A130C93C80026CAA0 /* NSDate+DCTDateComponents.m */,
				24CE962B130C93C80026CAA0 /* NSDictionary+DCTExtras.h */,
				24CE962C130C93C80026CAA0 /* NSDictionary+DCTExtras.m */,
				24CE962D130C93C80026CAA0 /* NSError+DCTExtensions.h */,
				24CE962E130C93C80026CAA0 /* NSError+DCTExtensions.m */,
				24CE962F130C93C80026CAA0 /* NSMutableArray+DCTExtras.h */,
				24CE9630130C93C80026CAA0 /* NSMutableArray+DCTExtras.m */,
				24CE9631130C93C80026CAA0 /* NSMutableSet+DCTExtras.h */,
				24CE9632130C93C80026CAA0 /* NSMutableSet+DCTExtras.m */,
				24CE9633130C93C80026CAA0 /* NSObject+DCTKVOExtras.h */,
				24CE9634130C93C80026CAA0 /* NSObject+DCTKVOExtras.m */,
				24CE9635130C93C80026CAA0 /* NSObject+DCTPerformSelector.h */,
				24CE9636130C93C80026CAA0 /* NSObject+DCTPerformSelector.m */,
			);
			name = DCTFoundation;
			path = ../DCTFoundation;
			sourceTree = "<group>";
		};
/* End PBXGroup section */

/* Begin PBXNativeTarget section */
		242DD7A5126A683B00306828 /* DCTInstapaper */ = {
			isa = PBXNativeTarget;
			buildConfigurationList = 242DD7BE126A683B00306828 /* Build configuration list for PBXNativeTarget "DCTInstapaper" */;
			buildPhases = (
				242DD7A2126A683B00306828 /* Sources */,
				242DD7A3126A683B00306828 /* Frameworks */,
				242DD7A4126A683B00306828 /* Resources */,
			);
			buildRules = (
			);
			dependencies = (
			);
			name = DCTInstapaper;
			productName = DCTInstapaperKit;
			productReference = 242DD7A6126A683B00306828 /* DCTInstapaper.app */;
			productType = "com.apple.product-type.application";
		};
/* End PBXNativeTarget section */

/* Begin PBXProject section */
		242DD799126A683B00306828 /* Project object */ = {
			isa = PBXProject;
			attributes = {
				ORGANIZATIONNAME = "Daniel Tull";
			};
			buildConfigurationList = 242DD79C126A683B00306828 /* Build configuration list for PBXProject "DCTInstapaper" */;
			compatibilityVersion = "Xcode 3.2";
			developmentRegion = English;
			hasScannedForEncodings = 0;
			knownRegions = (
				en,
			);
			mainGroup = 242DD797126A683B00306828;
			productRefGroup = 242DD7A7126A683B00306828 /* Products */;
			projectDirPath = "";
			projectRoot = "";
			targets = (
				242DD7A5126A683B00306828 /* DCTInstapaper */,
			);
		};
/* End PBXProject section */

/* Begin PBXResourcesBuildPhase section */
		242DD7A4126A683B00306828 /* Resources */ = {
			isa = PBXResourcesBuildPhase;
			buildActionMask = 2147483647;
			files = (
				242DD7B3126A683B00306828 /* InfoPlist.strings in Resources */,
				242DD7BB126A683B00306828 /* MainWindow.xib in Resources */,
			);
			runOnlyForDeploymentPostprocessing = 0;
		};
/* End PBXResourcesBuildPhase section */

/* Begin PBXSourcesBuildPhase section */
		242DD7A2126A683B00306828 /* Sources */ = {
			isa = PBXSourcesBuildPhase;
			buildActionMask = 2147483647;
			files = (
				242DD7B5126A683B00306828 /* main.m in Sources */,
				242DD7B8126A683B00306828 /* DCTInstapaperKitAppDelegate.m in Sources */,
				2474482F130C60AB005F80F8 /* DCTInstapaperAddConnectionController.m in Sources */,
				24744830130C60AB005F80F8 /* DCTInstapaperConnectionController.m in Sources */,
				24744831130C60AB005F80F8 /* DCTInstapaperLoginConnectionController.m in Sources */,
				24CE95EB130C93960026CAA0 /* NSData+Base64.m in Sources */,
				24CE95EC130C93960026CAA0 /* NSString+DCTURLEncoding.m in Sources */,
				24CE95ED130C93960026CAA0 /* DCTRequestConnectionController.m in Sources */,
				24CE95EE130C93960026CAA0 /* DCTURLConnectionController.m in Sources */,
				24CE95EF130C93960026CAA0 /* DCTConnectionController+Equality.m in Sources */,
				24CE95F0130C93960026CAA0 /* DCTConnectionController.m in Sources */,
				24CE95F1130C93960026CAA0 /* DCTConnectionQueue+Singleton.m in Sources */,
				24CE95F2130C93960026CAA0 /* DCTConnectionQueue.m in Sources */,
				24CE95F3130C93960026CAA0 /* DCTRESTController.m in Sources */,
				24CE95F4130C93960026CAA0 /* DCTURLConnection.m in Sources */,
				24CE95F5130C93960026CAA0 /* DCTConnectionQueue+UIKitAdditions.m in Sources */,
				24CE964F130C93C80026CAA0 /* DCTBlock.m in Sources */,
				24CE9650130C93C80026CAA0 /* DCTObservationInfo.m in Sources */,
				24CE9651130C93C80026CAA0 /* DCTQueue.m in Sources */,
				24CE9652130C93C80026CAA0 /* DCTStack.m in Sources */,
				24CE9653130C93C80026CAA0 /* NSArray+DCTExtras.m in Sources */,
				24CE9654130C93C80026CAA0 /* NSDate+DCTDateComponents.m in Sources */,
				24CE9655130C93C80026CAA0 /* NSDictionary+DCTExtras.m in Sources */,
				24CE9656130C93C80026CAA0 /* NSError+DCTExtensions.m in Sources */,
				24CE9657130C93C80026CAA0 /* NSMutableArray+DCTExtras.m in Sources */,
				24CE9658130C93C80026CAA0 /* NSMutableSet+DCTExtras.m in Sources */,
				24CE9659130C93C80026CAA0 /* NSObject+DCTKVOExtras.m in Sources */,
				24CE965A130C93C80026CAA0 /* NSObject+DCTPerformSelector.m in Sources */,
			);
			runOnlyForDeploymentPostprocessing = 0;
		};
/* End PBXSourcesBuildPhase section */

/* Begin PBXVariantGroup section */
		242DD7B1126A683B00306828 /* InfoPlist.strings */ = {
			isa = PBXVariantGroup;
			children = (
				242DD7B2126A683B00306828 /* en */,
			);
			name = InfoPlist.strings;
			sourceTree = "<group>";
		};
		242DD7B9126A683B00306828 /* MainWindow.xib */ = {
			isa = PBXVariantGroup;
			children = (
				242DD7BA126A683B00306828 /* en */,
			);
			name = MainWindow.xib;
			sourceTree = "<group>";
		};
/* End PBXVariantGroup section */

/* Begin XCBuildConfiguration section */
		242DD7BC126A683B00306828 /* Debug */ = {
			isa = XCBuildConfiguration;
			buildSettings = {
				ARCHS = "$(ARCHS_STANDARD_32_BIT)";
				"CODE_SIGN_IDENTITY[sdk=iphoneos*]" = "iPhone Developer";
				GCC_C_LANGUAGE_STANDARD = gnu99;
				GCC_OPTIMIZATION_LEVEL = 0;
				GCC_PREPROCESSOR_DEFINITIONS = DEBUG;
				GCC_WARN_ABOUT_RETURN_TYPE = YES;
				GCC_WARN_UNUSED_VARIABLE = YES;
				IPHONEOS_DEPLOYMENT_TARGET = 4.1;
				PREBINDING = NO;
				SDKROOT = iphoneos;
			};
			name = Debug;
		};
		242DD7BD126A683B00306828 /* Release */ = {
			isa = XCBuildConfiguration;
			buildSettings = {
				ARCHS = "$(ARCHS_STANDARD_32_BIT)";
				"CODE_SIGN_IDENTITY[sdk=iphoneos*]" = "iPhone Developer";
				GCC_C_LANGUAGE_STANDARD = gnu99;
				GCC_WARN_ABOUT_RETURN_TYPE = YES;
				GCC_WARN_UNUSED_VARIABLE = YES;
				IPHONEOS_DEPLOYMENT_TARGET = 4.1;
				OTHER_CFLAGS = "-DNS_BLOCK_ASSERTIONS=1";
				PREBINDING = NO;
				SDKROOT = iphoneos;
			};
			name = Release;
		};
		242DD7BF126A683B00306828 /* Debug */ = {
			isa = XCBuildConfiguration;
			buildSettings = {
				ALWAYS_SEARCH_USER_PATHS = NO;
				COPY_PHASE_STRIP = NO;
				GCC_DYNAMIC_NO_PIC = NO;
				GCC_PRECOMPILE_PREFIX_HEADER = YES;
				GCC_PREFIX_HEADER = DCTInstapaper_Prefix.pch;
				INFOPLIST_FILE = "DCTInstapaper-Info.plist";
				PRODUCT_NAME = DCTInstapaper;
				WRAPPER_EXTENSION = app;
			};
			name = Debug;
		};
		242DD7C0126A683B00306828 /* Release */ = {
			isa = XCBuildConfiguration;
			buildSettings = {
				ALWAYS_SEARCH_USER_PATHS = NO;
				COPY_PHASE_STRIP = YES;
				GCC_PRECOMPILE_PREFIX_HEADER = YES;
				GCC_PREFIX_HEADER = DCTInstapaper_Prefix.pch;
				INFOPLIST_FILE = "DCTInstapaper-Info.plist";
				PRODUCT_NAME = DCTInstapaper;
				VALIDATE_PRODUCT = YES;
				WRAPPER_EXTENSION = app;
			};
			name = Release;
		};
/* End XCBuildConfiguration section */

/* Begin XCConfigurationList section */
		242DD79C126A683B00306828 /* Build configuration list for PBXProject "DCTInstapaper" */ = {
			isa = XCConfigurationList;
			buildConfigurations = (
				242DD7BC126A683B00306828 /* Debug */,
				242DD7BD126A683B00306828 /* Release */,
			);
			defaultConfigurationIsVisible = 0;
			defaultConfigurationName = Release;
		};
		242DD7BE126A683B00306828 /* Build configuration list for PBXNativeTarget "DCTInstapaper" */ = {
			isa = XCConfigurationList;
			buildConfigurations = (
				242DD7BF126A683B00306828 /* Debug */,
				242DD7C0126A683B00306828 /* Release */,
			);
			defaultConfigurationIsVisible = 0;
			defaultConfigurationName = Release;
		};
/* End XCConfigurationList section */
	};
	rootObject = 242DD799126A683B00306828 /* Project object */;
}
